
Microsoft Visual Studio Solution File, Format Version 12.00
# Visual Studio Version 16
VisualStudioVersion = 16.0.30717.126
MinimumVisualStudioVersion = 10.0.40219.1
Project("{9A19103F-16F7-4668-BE54-9A1E7A4F7556}") = "libtase2.NETCore3", "libtase2.NETCore3\libtase2.NETCore3.csproj", "{9E121D25-2465-44C2-8DAB-5766B31A26F3}"
EndProject
Project("{2150E333-8FDC-42A3-9474-1A3956D46DE8}") = "examples", "examples", "{42983058-4F21-44B2-A191-6CC85F08CE7F}"
EndProject
Project("{9A19103F-16F7-4668-BE54-9A1E7A4F7556}") = "tase2_server", "examples\tase2_server\tase2_server.csproj", "{67611988-2410-4765-9CDF-B63660F1B5E8}"
EndProject
Project("{9A19103F-16F7-4668-BE54-9A1E7A4F7556}") = "tase2_client", "examples\tase2_client\tase2_client.csproj", "{494C0633-ABAD-40BB-91F8-37DEA6A7FD6C}"
EndProject
Project("{9A19103F-16F7-4668-BE54-9A1E7A4F7556}") = "tase2_client3", "examples\tase2_client3\tase2_client3.csproj", "{643C2EF0-46DD-4AF8-9184-464DE46478A9}"
EndProject
Project("{9A19103F-16F7-4668-BE54-9A1E7A4F7556}") = "tase2_client2", "examples\tase2_client2\tase2_client2.csproj", "{2060236C-DD0B-441A-90EF-2A3114796231}"
EndProject
Project("{9A19103F-16F7-4668-BE54-9A1E7A4F7556}") = "tase2_server2", "examples\tase2_server2\tase2_server2.csproj", "{F21E6146-B7EF-4663-8B18-7BF4201FA880}"
EndProject
Project("{2150E333-8FDC-42A3-9474-1A3956D46DE8}") = "dual_role1", "dual_role1", "{9E02A913-D63B-466E-8C93-C2A2EF126679}"
EndProject
Project("{9A19103F-16F7-4668-BE54-9A1E7A4F7556}") = "endpoint_active", "examples\dual_role1\endpoint_active\endpoint_active.csproj", "{61653EB1-C155-4653-8E05-1A4F5C7DAF21}"
EndProject
Project("{9A19103F-16F7-4668-BE54-9A1E7A4F7556}") = "endpoint_passive", "examples\dual_role1\endpoint_passive\endpoint_passive.csproj", "{E070A165-EC79-49A6-97DC-D90335907294}"
EndProject
Project("{2150E333-8FDC-42A3-9474-1A3956D46DE8}") = "dual_role2", "dual_role2", "{5BDE57E1-FC1C-4149-AA7F-39A009DA3263}"
EndProject
Project("{9A19103F-16F7-4668-BE54-9A1E7A4F7556}") = "endpoint1", "examples\dual_role2\endpoint1\endpoint1.csproj", "{39CF20A1-F471-4702-AC2F-118C0F240392}"
EndProject
Project("{9A19103F-16F7-4668-BE54-9A1E7A4F7556}") = "endpoint2", "examples\dual_role2\endpoint2\endpoint2.csproj", "{22741548-F06B-44E7-8543-83F8CAC0F9F3}"
EndProject
Project("{9A19103F-16F7-4668-BE54-9A1E7A4F7556}") = "endpoint3", "examples\dual_role2\endpoint3\endpoint3.csproj", "{981307A9-8163-49AC-B997-C4441252F7F5}"
EndProject
Global
	GlobalSection(SolutionConfigurationPlatforms) = preSolution
		Debug|Any CPU = Debug|Any CPU
		Release|Any CPU = Release|Any CPU
	EndGlobalSection
	GlobalSection(ProjectConfigurationPlatforms) = postSolution
		{9E121D25-2465-44C2-8DAB-5766B31A26F3}.Debug|Any CPU.ActiveCfg = Debug|Any CPU
		{9E121D25-2465-44C2-8DAB-5766B31A26F3}.Debug|Any CPU.Build.0 = Debug|Any CPU
		{9E121D25-2465-44C2-8DAB-5766B31A26F3}.Release|Any CPU.ActiveCfg = Release|Any CPU
		{9E121D25-2465-44C2-8DAB-5766B31A26F3}.Release|Any CPU.Build.0 = Release|Any CPU
		{67611988-2410-4765-9CDF-B63660F1B5E8}.Debug|Any CPU.ActiveCfg = Debug|Any CPU
		{67611988-2410-4765-9CDF-B63660F1B5E8}.Debug|Any CPU.Build.0 = Debug|Any CPU
		{67611988-2410-4765-9CDF-B63660F1B5E8}.Release|Any CPU.ActiveCfg = Release|Any CPU
		{67611988-2410-4765-9CDF-B63660F1B5E8}.Release|Any CPU.Build.0 = Release|Any CPU
		{494C0633-ABAD-40BB-91F8-37DEA6A7FD6C}.Debug|Any CPU.ActiveCfg = Debug|Any CPU
		{494C0633-ABAD-40BB-91F8-37DEA6A7FD6C}.Debug|Any CPU.Build.0 = Debug|Any CPU
		{494C0633-ABAD-40BB-91F8-37DEA6A7FD6C}.Release|Any CPU.ActiveCfg = Release|Any CPU
		{494C0633-ABAD-40BB-91F8-37DEA6A7FD6C}.Release|Any CPU.Build.0 = Release|Any CPU
		{643C2EF0-46DD-4AF8-9184-464DE46478A9}.Debug|Any CPU.ActiveCfg = Debug|Any CPU
		{643C2EF0-46DD-4AF8-9184-464DE46478A9}.Debug|Any CPU.Build.0 = Debug|Any CPU
		{643C2EF0-46DD-4AF8-9184-464DE46478A9}.Release|Any CPU.ActiveCfg = Release|Any CPU
		{643C2EF0-46DD-4AF8-9184-464DE46478A9}.Release|Any CPU.Build.0 = Release|Any CPU
		{2060236C-DD0B-441A-90EF-2A3114796231}.Debug|Any CPU.ActiveCfg = Debug|Any CPU
		{2060236C-DD0B-441A-90EF-2A3114796231}.Debug|Any CPU.Build.0 = Debug|Any CPU
		{2060236C-DD0B-441A-90EF-2A3114796231}.Release|Any CPU.ActiveCfg = Release|Any CPU
		{2060236C-DD0B-441A-90EF-2A3114796231}.Release|Any CPU.Build.0 = Release|Any CPU
		{F21E6146-B7EF-4663-8B18-7BF4201FA880}.Debug|Any CPU.ActiveCfg = Debug|Any CPU
		{F21E6146-B7EF-4663-8B18-7BF4201FA880}.Debug|Any CPU.Build.0 = Debug|Any CPU
		{F21E6146-B7EF-4663-8B18-7BF4201FA880}.Release|Any CPU.ActiveCfg = Release|Any CPU
		{F21E6146-B7EF-4663-8B18-7BF4201FA880}.Release|Any CPU.Build.0 = Release|Any CPU
		{61653EB1-C155-4653-8E05-1A4F5C7DAF21}.Debug|Any CPU.ActiveCfg = Debug|Any CPU
		{61653EB1-C155-4653-8E05-1A4F5C7DAF21}.Debug|Any CPU.Build.0 = Debug|Any CPU
		{61653EB1-C155-4653-8E05-1A4F5C7DAF21}.Release|Any CPU.ActiveCfg = Release|Any CPU
		{61653EB1-C155-4653-8E05-1A4F5C7DAF21}.Release|Any CPU.Build.0 = Release|Any CPU
		{E070A165-EC79-49A6-97DC-D90335907294}.Debug|Any CPU.ActiveCfg = Debug|Any CPU
		{E070A165-EC79-49A6-97DC-D90335907294}.Debug|Any CPU.Build.0 = Debug|Any CPU
		{E070A165-EC79-49A6-97DC-D90335907294}.Release|Any CPU.ActiveCfg = Release|Any CPU
		{E070A165-EC79-49A6-97DC-D90335907294}.Release|Any CPU.Build.0 = Release|Any CPU
		{39CF20A1-F471-4702-AC2F-118C0F240392}.Debug|Any CPU.ActiveCfg = Debug|Any CPU
		{39CF20A1-F471-4702-AC2F-118C0F240392}.Debug|Any CPU.Build.0 = Debug|Any CPU
		{39CF20A1-F471-4702-AC2F-118C0F240392}.Release|Any CPU.ActiveCfg = Release|Any CPU
		{39CF20A1-F471-4702-AC2F-118C0F240392}.Release|Any CPU.Build.0 = Release|Any CPU
		{22741548-F06B-44E7-8543-83F8CAC0F9F3}.Debug|Any CPU.ActiveCfg = Debug|Any CPU
		{22741548-F06B-44E7-8543-83F8CAC0F9F3}.Debug|Any CPU.Build.0 = Debug|Any CPU
		{22741548-F06B-44E7-8543-83F8CAC0F9F3}.Release|Any CPU.ActiveCfg = Release|Any CPU
		{22741548-F06B-44E7-8543-83F8CAC0F9F3}.Release|Any CPU.Build.0 = Release|Any CPU
		{981307A9-8163-49AC-B997-C4441252F7F5}.Debug|Any CPU.ActiveCfg = Debug|Any CPU
		{981307A9-8163-49AC-B997-C4441252F7F5}.Debug|Any CPU.Build.0 = Debug|Any CPU
		{981307A9-8163-49AC-B997-C4441252F7F5}.Release|Any CPU.ActiveCfg = Release|Any CPU
		{981307A9-8163-49AC-B997-C4441252F7F5}.Release|Any CPU.Build.0 = Release|Any CPU
	EndGlobalSection
	GlobalSection(SolutionProperties) = preSolution
		HideSolutionNode = FALSE
	EndGlobalSection
	GlobalSection(NestedProjects) = preSolution
		{67611988-2410-4765-9CDF-B63660F1B5E8} = {42983058-4F21-44B2-A191-6CC85F08CE7F}
		{494C0633-ABAD-40BB-91F8-37DEA6A7FD6C} = {42983058-4F21-44B2-A191-6CC85F08CE7F}
		{643C2EF0-46DD-4AF8-9184-464DE46478A9} = {42983058-4F21-44B2-A191-6CC85F08CE7F}
		{2060236C-DD0B-441A-90EF-2A3114796231} = {42983058-4F21-44B2-A191-6CC85F08CE7F}
		{F21E6146-B7EF-4663-8B18-7BF4201FA880} = {42983058-4F21-44B2-A191-6CC85F08CE7F}
		{9E02A913-D63B-466E-8C93-C2A2EF126679} = {42983058-4F21-44B2-A191-6CC85F08CE7F}
		{61653EB1-C155-4653-8E05-1A4F5C7DAF21} = {9E02A913-D63B-466E-8C93-C2A2EF126679}
		{E070A165-EC79-49A6-97DC-D90335907294} = {9E02A913-D63B-466E-8C93-C2A2EF126679}
		{5BDE57E1-FC1C-4149-AA7F-39A009DA3263} = {42983058-4F21-44B2-A191-6CC85F08CE7F}
		{39CF20A1-F471-4702-AC2F-118C0F240392} = {5BDE57E1-FC1C-4149-AA7F-39A009DA3263}
		{22741548-F06B-44E7-8543-83F8CAC0F9F3} = {5BDE57E1-FC1C-4149-AA7F-39A009DA3263}
		{981307A9-8163-49AC-B997-C4441252F7F5} = {5BDE57E1-FC1C-4149-AA7F-39A009DA3263}
	EndGlobalSection
	GlobalSection(ExtensibilityGlobals) = postSolution
		SolutionGuid = {4857E733-59B0-4910-9D04-CCCC8DEEAA52}
	EndGlobalSection
EndGlobal
