
Microsoft Visual Studio Solution File, Format Version 12.00
# Visual Studio 15
VisualStudioVersion = 15.0.27130.2010
MinimumVisualStudioVersion = 10.0.40219.1
Project("{FAE04EC0-301F-11D3-BF4B-00C04F79EFBC}") = "libtase2.NET", "libtase2.NET\libtase2.NET.csproj", "{298E11EF-34DB-4DC9-9B21-F1ADBD4D3D8F}"
EndProject
Project("{FAE04EC0-301F-11D3-BF4B-00C04F79EFBC}") = "tests", "tests\tests.csproj", "{A67ACFF9-6EB6-4437-AB05-B2ABF7294F47}"
EndProject
Project("{2150E333-8FDC-42A3-9474-1A3956D46DE8}") = "examples", "examples", "{D3B4D7E7-D096-4DE5-9BE6-B033355B55AD}"
EndProject
Project("{2150E333-8FDC-42A3-9474-1A3956D46DE8}") = "dual_role1", "dual_role1", "{EF7D045E-A394-40AF-BDA3-6F4EF106D044}"
EndProject
Project("{FAE04EC0-301F-11D3-BF4B-00C04F79EFBC}") = "endpoint_passive", "examples\dual_role1\endpoint_passive\endpoint_passive.csproj", "{771473D4-84ED-4133-9DB2-2F77459B3EBA}"
EndProject
Project("{FAE04EC0-301F-11D3-BF4B-00C04F79EFBC}") = "endpoint_active", "examples\dual_role1\endpoint_active\endpoint_active.csproj", "{02575488-A146-47C7-8CE9-98FAD9C95351}"
EndProject
Project("{2150E333-8FDC-42A3-9474-1A3956D46DE8}") = "dual_role2", "dual_role2", "{F00B4039-9B69-43E0-BC37-1B1ACD717FC7}"
EndProject
Project("{FAE04EC0-301F-11D3-BF4B-00C04F79EFBC}") = "endpoint1", "examples\dual_role2\endpoint1\endpoint1.csproj", "{DAA0C228-0489-41E6-A9AF-A1739853C2D7}"
EndProject
Project("{FAE04EC0-301F-11D3-BF4B-00C04F79EFBC}") = "endpoint2", "examples\dual_role2\endpoint2\endpoint2.csproj", "{B2E5DDF9-A663-4FE6-B19D-1DF1C9375F5C}"
EndProject
Project("{FAE04EC0-301F-11D3-BF4B-00C04F79EFBC}") = "endpoint3", "examples\dual_role2\endpoint3\endpoint3.csproj", "{8F230DBD-5764-4E84-8558-681DB3778496}"
EndProject
Project("{FAE04EC0-301F-11D3-BF4B-00C04F79EFBC}") = "tase2_client", "examples\tase2_client\tase2_client.csproj", "{58635600-119E-4312-8774-931B7EE5B208}"
EndProject
Project("{FAE04EC0-301F-11D3-BF4B-00C04F79EFBC}") = "tase2_client2", "examples\tase2_client2\tase2_client2.csproj", "{03470032-F84C-4D57-91EE-173C991FE3CC}"
EndProject
Project("{FAE04EC0-301F-11D3-BF4B-00C04F79EFBC}") = "tase2_client3", "examples\tase2_client3\tase2_client3.csproj", "{15F95E8D-8FCD-46D3-9A73-2A384C68C6BB}"
EndProject
Project("{FAE04EC0-301F-11D3-BF4B-00C04F79EFBC}") = "tase2_server", "examples\tase2_server\tase2_server.csproj", "{8DDA4F3F-908E-4E4E-A1DA-4069C9ECA679}"
EndProject
Project("{FAE04EC0-301F-11D3-BF4B-00C04F79EFBC}") = "tase2_server2", "examples\tase2_server2\tase2_server2.csproj", "{FF944602-7085-4609-8F23-4B948E2E25B2}"
EndProject
Project("{2150E333-8FDC-42A3-9474-1A3956D46DE8}") = "Solution Items", "Solution Items", "{5FB72296-58CD-4FC5-AAA8-0AA980433FAF}"
	ProjectSection(SolutionItems) = preProject
		TestSettings1.testsettings = TestSettings1.testsettings
	EndProjectSection
EndProject
Global
	GlobalSection(SolutionConfigurationPlatforms) = preSolution
		Debug|Any CPU = Debug|Any CPU
		Debug|x64 = Debug|x64
		Release|Any CPU = Release|Any CPU
		Release|x64 = Release|x64
	EndGlobalSection
	GlobalSection(ProjectConfigurationPlatforms) = postSolution
		{298E11EF-34DB-4DC9-9B21-F1ADBD4D3D8F}.Debug|Any CPU.ActiveCfg = Debug|Any CPU
		{298E11EF-34DB-4DC9-9B21-F1ADBD4D3D8F}.Debug|Any CPU.Build.0 = Debug|Any CPU
		{298E11EF-34DB-4DC9-9B21-F1ADBD4D3D8F}.Debug|x64.ActiveCfg = Debug|x64
		{298E11EF-34DB-4DC9-9B21-F1ADBD4D3D8F}.Debug|x64.Build.0 = Debug|x64
		{298E11EF-34DB-4DC9-9B21-F1ADBD4D3D8F}.Release|Any CPU.ActiveCfg = Release|Any CPU
		{298E11EF-34DB-4DC9-9B21-F1ADBD4D3D8F}.Release|Any CPU.Build.0 = Release|Any CPU
		{298E11EF-34DB-4DC9-9B21-F1ADBD4D3D8F}.Release|x64.ActiveCfg = Release|x64
		{298E11EF-34DB-4DC9-9B21-F1ADBD4D3D8F}.Release|x64.Build.0 = Release|x64
		{A67ACFF9-6EB6-4437-AB05-B2ABF7294F47}.Debug|Any CPU.ActiveCfg = Debug|Any CPU
		{A67ACFF9-6EB6-4437-AB05-B2ABF7294F47}.Debug|Any CPU.Build.0 = Debug|Any CPU
		{A67ACFF9-6EB6-4437-AB05-B2ABF7294F47}.Debug|x64.ActiveCfg = Debug|x64
		{A67ACFF9-6EB6-4437-AB05-B2ABF7294F47}.Debug|x64.Build.0 = Debug|x64
		{A67ACFF9-6EB6-4437-AB05-B2ABF7294F47}.Release|Any CPU.ActiveCfg = Release|Any CPU
		{A67ACFF9-6EB6-4437-AB05-B2ABF7294F47}.Release|Any CPU.Build.0 = Release|Any CPU
		{A67ACFF9-6EB6-4437-AB05-B2ABF7294F47}.Release|x64.ActiveCfg = Release|x64
		{A67ACFF9-6EB6-4437-AB05-B2ABF7294F47}.Release|x64.Build.0 = Release|x64
		{771473D4-84ED-4133-9DB2-2F77459B3EBA}.Debug|Any CPU.ActiveCfg = Debug|Any CPU
		{771473D4-84ED-4133-9DB2-2F77459B3EBA}.Debug|Any CPU.Build.0 = Debug|Any CPU
		{771473D4-84ED-4133-9DB2-2F77459B3EBA}.Debug|x64.ActiveCfg = Debug|Any CPU
		{771473D4-84ED-4133-9DB2-2F77459B3EBA}.Debug|x64.Build.0 = Debug|Any CPU
		{771473D4-84ED-4133-9DB2-2F77459B3EBA}.Release|Any CPU.ActiveCfg = Release|Any CPU
		{771473D4-84ED-4133-9DB2-2F77459B3EBA}.Release|Any CPU.Build.0 = Release|Any CPU
		{771473D4-84ED-4133-9DB2-2F77459B3EBA}.Release|x64.ActiveCfg = Release|Any CPU
		{771473D4-84ED-4133-9DB2-2F77459B3EBA}.Release|x64.Build.0 = Release|Any CPU
		{02575488-A146-47C7-8CE9-98FAD9C95351}.Debug|Any CPU.ActiveCfg = Debug|Any CPU
		{02575488-A146-47C7-8CE9-98FAD9C95351}.Debug|Any CPU.Build.0 = Debug|Any CPU
		{02575488-A146-47C7-8CE9-98FAD9C95351}.Debug|x64.ActiveCfg = Debug|Any CPU
		{02575488-A146-47C7-8CE9-98FAD9C95351}.Debug|x64.Build.0 = Debug|Any CPU
		{02575488-A146-47C7-8CE9-98FAD9C95351}.Release|Any CPU.ActiveCfg = Release|Any CPU
		{02575488-A146-47C7-8CE9-98FAD9C95351}.Release|Any CPU.Build.0 = Release|Any CPU
		{02575488-A146-47C7-8CE9-98FAD9C95351}.Release|x64.ActiveCfg = Release|Any CPU
		{02575488-A146-47C7-8CE9-98FAD9C95351}.Release|x64.Build.0 = Release|Any CPU
		{DAA0C228-0489-41E6-A9AF-A1739853C2D7}.Debug|Any CPU.ActiveCfg = Debug|Any CPU
		{DAA0C228-0489-41E6-A9AF-A1739853C2D7}.Debug|Any CPU.Build.0 = Debug|Any CPU
		{DAA0C228-0489-41E6-A9AF-A1739853C2D7}.Debug|x64.ActiveCfg = Debug|Any CPU
		{DAA0C228-0489-41E6-A9AF-A1739853C2D7}.Debug|x64.Build.0 = Debug|Any CPU
		{DAA0C228-0489-41E6-A9AF-A1739853C2D7}.Release|Any CPU.ActiveCfg = Release|Any CPU
		{DAA0C228-0489-41E6-A9AF-A1739853C2D7}.Release|Any CPU.Build.0 = Release|Any CPU
		{DAA0C228-0489-41E6-A9AF-A1739853C2D7}.Release|x64.ActiveCfg = Release|Any CPU
		{DAA0C228-0489-41E6-A9AF-A1739853C2D7}.Release|x64.Build.0 = Release|Any CPU
		{B2E5DDF9-A663-4FE6-B19D-1DF1C9375F5C}.Debug|Any CPU.ActiveCfg = Debug|Any CPU
		{B2E5DDF9-A663-4FE6-B19D-1DF1C9375F5C}.Debug|Any CPU.Build.0 = Debug|Any CPU
		{B2E5DDF9-A663-4FE6-B19D-1DF1C9375F5C}.Debug|x64.ActiveCfg = Debug|Any CPU
		{B2E5DDF9-A663-4FE6-B19D-1DF1C9375F5C}.Debug|x64.Build.0 = Debug|Any CPU
		{B2E5DDF9-A663-4FE6-B19D-1DF1C9375F5C}.Release|Any CPU.ActiveCfg = Release|Any CPU
		{B2E5DDF9-A663-4FE6-B19D-1DF1C9375F5C}.Release|Any CPU.Build.0 = Release|Any CPU
		{B2E5DDF9-A663-4FE6-B19D-1DF1C9375F5C}.Release|x64.ActiveCfg = Release|Any CPU
		{B2E5DDF9-A663-4FE6-B19D-1DF1C9375F5C}.Release|x64.Build.0 = Release|Any CPU
		{8F230DBD-5764-4E84-8558-681DB3778496}.Debug|Any CPU.ActiveCfg = Debug|Any CPU
		{8F230DBD-5764-4E84-8558-681DB3778496}.Debug|Any CPU.Build.0 = Debug|Any CPU
		{8F230DBD-5764-4E84-8558-681DB3778496}.Debug|x64.ActiveCfg = Debug|Any CPU
		{8F230DBD-5764-4E84-8558-681DB3778496}.Debug|x64.Build.0 = Debug|Any CPU
		{8F230DBD-5764-4E84-8558-681DB3778496}.Release|Any CPU.ActiveCfg = Release|Any CPU
		{8F230DBD-5764-4E84-8558-681DB3778496}.Release|Any CPU.Build.0 = Release|Any CPU
		{8F230DBD-5764-4E84-8558-681DB3778496}.Release|x64.ActiveCfg = Release|Any CPU
		{8F230DBD-5764-4E84-8558-681DB3778496}.Release|x64.Build.0 = Release|Any CPU
		{58635600-119E-4312-8774-931B7EE5B208}.Debug|Any CPU.ActiveCfg = Debug|Any CPU
		{58635600-119E-4312-8774-931B7EE5B208}.Debug|Any CPU.Build.0 = Debug|Any CPU
		{58635600-119E-4312-8774-931B7EE5B208}.Debug|x64.ActiveCfg = Debug|Any CPU
		{58635600-119E-4312-8774-931B7EE5B208}.Debug|x64.Build.0 = Debug|Any CPU
		{58635600-119E-4312-8774-931B7EE5B208}.Release|Any CPU.ActiveCfg = Release|Any CPU
		{58635600-119E-4312-8774-931B7EE5B208}.Release|Any CPU.Build.0 = Release|Any CPU
		{58635600-119E-4312-8774-931B7EE5B208}.Release|x64.ActiveCfg = Release|Any CPU
		{58635600-119E-4312-8774-931B7EE5B208}.Release|x64.Build.0 = Release|Any CPU
		{03470032-F84C-4D57-91EE-173C991FE3CC}.Debug|Any CPU.ActiveCfg = Debug|Any CPU
		{03470032-F84C-4D57-91EE-173C991FE3CC}.Debug|Any CPU.Build.0 = Debug|Any CPU
		{03470032-F84C-4D57-91EE-173C991FE3CC}.Debug|x64.ActiveCfg = Debug|Any CPU
		{03470032-F84C-4D57-91EE-173C991FE3CC}.Debug|x64.Build.0 = Debug|Any CPU
		{03470032-F84C-4D57-91EE-173C991FE3CC}.Release|Any CPU.ActiveCfg = Release|Any CPU
		{03470032-F84C-4D57-91EE-173C991FE3CC}.Release|Any CPU.Build.0 = Release|Any CPU
		{03470032-F84C-4D57-91EE-173C991FE3CC}.Release|x64.ActiveCfg = Release|Any CPU
		{03470032-F84C-4D57-91EE-173C991FE3CC}.Release|x64.Build.0 = Release|Any CPU
		{15F95E8D-8FCD-46D3-9A73-2A384C68C6BB}.Debug|Any CPU.ActiveCfg = Debug|Any CPU
		{15F95E8D-8FCD-46D3-9A73-2A384C68C6BB}.Debug|Any CPU.Build.0 = Debug|Any CPU
		{15F95E8D-8FCD-46D3-9A73-2A384C68C6BB}.Debug|x64.ActiveCfg = Debug|Any CPU
		{15F95E8D-8FCD-46D3-9A73-2A384C68C6BB}.Debug|x64.Build.0 = Debug|Any CPU
		{15F95E8D-8FCD-46D3-9A73-2A384C68C6BB}.Release|Any CPU.ActiveCfg = Release|Any CPU
		{15F95E8D-8FCD-46D3-9A73-2A384C68C6BB}.Release|Any CPU.Build.0 = Release|Any CPU
		{15F95E8D-8FCD-46D3-9A73-2A384C68C6BB}.Release|x64.ActiveCfg = Release|Any CPU
		{15F95E8D-8FCD-46D3-9A73-2A384C68C6BB}.Release|x64.Build.0 = Release|Any CPU
		{8DDA4F3F-908E-4E4E-A1DA-4069C9ECA679}.Debug|Any CPU.ActiveCfg = Debug|Any CPU
		{8DDA4F3F-908E-4E4E-A1DA-4069C9ECA679}.Debug|Any CPU.Build.0 = Debug|Any CPU
		{8DDA4F3F-908E-4E4E-A1DA-4069C9ECA679}.Debug|x64.ActiveCfg = Debug|Any CPU
		{8DDA4F3F-908E-4E4E-A1DA-4069C9ECA679}.Debug|x64.Build.0 = Debug|Any CPU
		{8DDA4F3F-908E-4E4E-A1DA-4069C9ECA679}.Release|Any CPU.ActiveCfg = Release|Any CPU
		{8DDA4F3F-908E-4E4E-A1DA-4069C9ECA679}.Release|Any CPU.Build.0 = Release|Any CPU
		{8DDA4F3F-908E-4E4E-A1DA-4069C9ECA679}.Release|x64.ActiveCfg = Release|Any CPU
		{8DDA4F3F-908E-4E4E-A1DA-4069C9ECA679}.Release|x64.Build.0 = Release|Any CPU
		{FF944602-7085-4609-8F23-4B948E2E25B2}.Debug|Any CPU.ActiveCfg = Debug|Any CPU
		{FF944602-7085-4609-8F23-4B948E2E25B2}.Debug|Any CPU.Build.0 = Debug|Any CPU
		{FF944602-7085-4609-8F23-4B948E2E25B2}.Debug|x64.ActiveCfg = Debug|Any CPU
		{FF944602-7085-4609-8F23-4B948E2E25B2}.Debug|x64.Build.0 = Debug|Any CPU
		{FF944602-7085-4609-8F23-4B948E2E25B2}.Release|Any CPU.ActiveCfg = Release|Any CPU
		{FF944602-7085-4609-8F23-4B948E2E25B2}.Release|Any CPU.Build.0 = Release|Any CPU
		{FF944602-7085-4609-8F23-4B948E2E25B2}.Release|x64.ActiveCfg = Release|Any CPU
		{FF944602-7085-4609-8F23-4B948E2E25B2}.Release|x64.Build.0 = Release|Any CPU
	EndGlobalSection
	GlobalSection(SolutionProperties) = preSolution
		HideSolutionNode = FALSE
	EndGlobalSection
	GlobalSection(NestedProjects) = preSolution
		{EF7D045E-A394-40AF-BDA3-6F4EF106D044} = {D3B4D7E7-D096-4DE5-9BE6-B033355B55AD}
		{771473D4-84ED-4133-9DB2-2F77459B3EBA} = {EF7D045E-A394-40AF-BDA3-6F4EF106D044}
		{02575488-A146-47C7-8CE9-98FAD9C95351} = {EF7D045E-A394-40AF-BDA3-6F4EF106D044}
		{F00B4039-9B69-43E0-BC37-1B1ACD717FC7} = {D3B4D7E7-D096-4DE5-9BE6-B033355B55AD}
		{DAA0C228-0489-41E6-A9AF-A1739853C2D7} = {F00B4039-9B69-43E0-BC37-1B1ACD717FC7}
		{B2E5DDF9-A663-4FE6-B19D-1DF1C9375F5C} = {F00B4039-9B69-43E0-BC37-1B1ACD717FC7}
		{8F230DBD-5764-4E84-8558-681DB3778496} = {F00B4039-9B69-43E0-BC37-1B1ACD717FC7}
		{58635600-119E-4312-8774-931B7EE5B208} = {D3B4D7E7-D096-4DE5-9BE6-B033355B55AD}
		{03470032-F84C-4D57-91EE-173C991FE3CC} = {D3B4D7E7-D096-4DE5-9BE6-B033355B55AD}
		{15F95E8D-8FCD-46D3-9A73-2A384C68C6BB} = {D3B4D7E7-D096-4DE5-9BE6-B033355B55AD}
		{8DDA4F3F-908E-4E4E-A1DA-4069C9ECA679} = {D3B4D7E7-D096-4DE5-9BE6-B033355B55AD}
		{FF944602-7085-4609-8F23-4B948E2E25B2} = {D3B4D7E7-D096-4DE5-9BE6-B033355B55AD}
	EndGlobalSection
	GlobalSection(ExtensibilityGlobals) = postSolution
		SolutionGuid = {57FC8BC0-7418-4F11-8C6D-A770F9AB2793}
	EndGlobalSection
EndGlobal
