<?xml version="1.0" encoding="utf-8"?>
<Project ToolsVersion="4.0" xmlns="http://schemas.microsoft.com/developer/msbuild/2003">
  <ItemGroup>
    <Filter Include="Source Files">
      <UniqueIdentifier>{a35fd3f0-fc61-46b4-a50b-ee3ced3c4fba}</UniqueIdentifier>
      <Extensions>cpp;c;cxx;def;odl;idl;hpj;bat;asm</Extensions>
    </Filter>
    <Filter Include="Generated Files">
      <UniqueIdentifier>{dc71304d-4aa4-4aed-b485-0fef6a9713a8}</UniqueIdentifier>
      <SourceControlFiles>False</SourceControlFiles>
    </Filter>
  </ItemGroup>
  <ItemGroup>
    <None Include="CfgServerps.def">
      <Filter>Source Files</Filter>
    </None>
  </ItemGroup>
  <ItemGroup>
    <ClCompile Include="CfgServer_i.c">
      <Filter>Generated Files</Filter>
    </ClCompile>
    <ClCompile Include="CfgServer_p.c">
      <Filter>Generated Files</Filter>
    </ClCompile>
    <ClCompile Include="CfgServer_d.c">
      <Filter>Generated Files</Filter>
    </ClCompile>
  </ItemGroup>
</Project>