<?xml version="1.0" encoding="utf-8"?>
<Project ToolsVersion="4.0" xmlns="http://schemas.microsoft.com/developer/msbuild/2003">
  <ItemGroup>
    <Filter Include="Source Files">
      <UniqueIdentifier>{4604c3d1-d47f-4ab5-afdf-d844150155f1}</UniqueIdentifier>
      <Extensions>cpp;c;cxx;def;odl;idl;hpj;bat;asm</Extensions>
    </Filter>
    <Filter Include="Header Files">
      <UniqueIdentifier>{dc9747ea-59de-48bc-b18f-487723c9e645}</UniqueIdentifier>
      <Extensions>h;hpp;hxx;hm;inl;inc</Extensions>
    </Filter>
    <Filter Include="Resource Files">
      <UniqueIdentifier>{cae8c414-5dd2-485d-9489-3c4467d8e38d}</UniqueIdentifier>
      <Extensions>rc;ico;cur;bmp;dlg;rc2;rct;bin;rgs;gif;jpg;jpeg;jpe</Extensions>
    </Filter>
    <Filter Include="Generated Files">
      <UniqueIdentifier>{324766b1-131e-4b96-a4fa-22aba787395a}</UniqueIdentifier>
      <SourceControlFiles>False</SourceControlFiles>
    </Filter>
  </ItemGroup>
  <ItemGroup>
    <ClCompile Include="CfgManager.cpp">
      <Filter>Source Files</Filter>
    </ClCompile>
    <ClCompile Include="CfgReader.cpp">
      <Filter>Source Files</Filter>
    </ClCompile>
    <ClCompile Include="CfgServer.cpp">
      <Filter>Source Files</Filter>
    </ClCompile>
    <ClCompile Include="stdafx.cpp">
      <Filter>Source Files</Filter>
    </ClCompile>
    <ClCompile Include="StringExpander.cpp">
      <Filter>Source Files</Filter>
    </ClCompile>
    <ClCompile Include="CfgServer_i.c">
      <Filter>Generated Files</Filter>
    </ClCompile>
  </ItemGroup>
  <ItemGroup>
    <Midl Include="CfgServer.idl">
      <Filter>Source Files</Filter>
    </Midl>
  </ItemGroup>
  <ItemGroup>
    <ClInclude Include="CfgManager.h">
      <Filter>Header Files</Filter>
    </ClInclude>
    <ClInclude Include="CfgReader.h">
      <Filter>Header Files</Filter>
    </ClInclude>
    <ClInclude Include="CfgServer_rc.h">
      <Filter>Header Files</Filter>
    </ClInclude>
    <ClInclude Include="..\..\..\otl\otlv4.h">
      <Filter>Header Files</Filter>
    </ClInclude>
    <ClInclude Include="stdafx.h">
      <Filter>Header Files</Filter>
    </ClInclude>
    <ClInclude Include="StringExpander.h">
      <Filter>Header Files</Filter>
    </ClInclude>
    <ClInclude Include="CfgServer_i.h">
      <Filter>Generated Files</Filter>
    </ClInclude>
  </ItemGroup>
  <ItemGroup>
    <ResourceCompile Include="CfgServer.rc">
      <Filter>Resource Files</Filter>
    </ResourceCompile>
  </ItemGroup>
  <ItemGroup>
    <None Include="CfgServer.rgs">
      <Filter>Resource Files</Filter>
    </None>
    <None Include="ReadMe.txt" />
  </ItemGroup>
</Project>