
Microsoft Visual Studio Solution File, Format Version 12.00
# Visual Studio Version 17
VisualStudioVersion = 17.4.33103.184
MinimumVisualStudioVersion = 10.0.40219.1
Project("{FAE04EC0-301F-11D3-BF4B-00C04F79EFBC}") = "ServiceHost", "ServiceHost\ServiceHost.csproj", "{14E1C534-F010-40D9-8A79-18860E351228}"
EndProject
Project("{2150E333-8FDC-42A3-9474-1A3956D46DE8}") = "DataExchange", "DataExchange", "{7D7F2292-173C-424D-BB94-6D4585E82EA9}"
EndProject
Project("{2150E333-8FDC-42A3-9474-1A3956D46DE8}") = "UnitTests", "UnitTests", "{4AB6DACE-5915-40AC-9DB0-50C9E0BD2099}"
EndProject
Project("{FAE04EC0-301F-11D3-BF4B-00C04F79EFBC}") = "DataExchange.Administration.ImportModule", "DataExchangeManager\Administration\ImportModule\DataExchange.Administration.ImportModule.csproj", "{46180C80-76B8-4B08-ACE5-D83ABF12148A}"
	ProjectSection(ProjectDependencies) = postProject
		{09076F6E-5F4F-41FF-A4E5-EB20688039A5} = {09076F6E-5F4F-41FF-A4E5-EB20688039A5}
	EndProjectSection
EndProject
Project("{FAE04EC0-301F-11D3-BF4B-00C04F79EFBC}") = "DataExchange.Administration.Shell", "DataExchangeManager\Administration\Shell\DataExchange.Administration.Shell.csproj", "{E1DD6465-9792-4A82-A53F-5E5315D11B70}"
EndProject
Project("{FAE04EC0-301F-11D3-BF4B-00C04F79EFBC}") = "DataExchange.Administration.ImportModuleTest", "DataExchangeManager\Administration\ImportModuleTest\DataExchange.Administration.ImportModuleTest.csproj", "{58CF5467-4301-4128-B807-BD8BE2C2C22A}"
EndProject
Project("{FAE04EC0-301F-11D3-BF4B-00C04F79EFBC}") = "AzureDataExchangeManagerService", "DataExchangeManager\AzureBusDataExchangeManagerService\AzureDataExchangeManagerService.csproj", "{26E62213-02C7-4E1E-8749-F01D4EBEBDEA}"
EndProject
Project("{FAE04EC0-301F-11D3-BF4B-00C04F79EFBC}") = "DataExchangeCommon", "DataExchangeManager\DataExchangeCommon\DataExchangeCommon.csproj", "{59E99C7E-EC69-4FA7-8671-464C80CBBE44}"
EndProject
Project("{FAE04EC0-301F-11D3-BF4B-00C04F79EFBC}") = "DataExchangeManagerService", "DataExchangeManager\DataExchangeManagerService\DataExchangeManagerService.csproj", "{31D6C3DF-97F8-4773-BAA0-C36115DD2014}"
EndProject
Project("{FAE04EC0-301F-11D3-BF4B-00C04F79EFBC}") = "DataExchangeModuleStandardWsClient", "DataExchangeManager\DataExchangeModuleStandardWsClient\DataExchangeModuleStandardWsClient.csproj", "{90CE6379-DA24-4DBF-B880-4C9120FDE060}"
EndProject
Project("{FAE04EC0-301F-11D3-BF4B-00C04F79EFBC}") = "DataExchangeModuleStandardWsInterface", "DataExchangeManager\DataExchangeModuleStandardWsInterface\DataExchangeModuleStandardWsInterface.csproj", "{FFE6160E-2926-49BA-AB44-7BB82B8029B0}"
EndProject
Project("{FAE04EC0-301F-11D3-BF4B-00C04F79EFBC}") = "EcpAmqpDataExchangeManagerService", "DataExchangeManager\EcpAmqpDataExchangeManagerService\EcpAmqpDataExchangeManagerService.csproj", "{8CA637D7-2641-4843-8A0C-08C97D01C58D}"
EndProject
Project("{FAE04EC0-301F-11D3-BF4B-00C04F79EFBC}") = "ExpressExportConnector", "DataExchangeManager\ExpressExportConnector\ExpressExportConnector.csproj", "{811F06BE-A643-48AD-A2C9-8C29FA51F823}"
EndProject
Project("{FAE04EC0-301F-11D3-BF4B-00C04F79EFBC}") = "ExpressImportConnector", "DataExchangeManager\ExpressImportConnector\ExpressImportConnector.csproj", "{E3929B38-D51F-4933-AB00-AFA3244AA967}"
EndProject
Project("{FAE04EC0-301F-11D3-BF4B-00C04F79EFBC}") = "IccpClient", "DataExchangeManager\IccpClient\IccpClient.csproj", "{34EB38F2-DEDF-4766-BE4F-BA57714E8F9B}"
EndProject
Project("{FAE04EC0-301F-11D3-BF4B-00C04F79EFBC}") = "IccpDataExchangeManagerService", "DataExchangeManager\IccpDataExchangeManagerService\IccpDataExchangeManagerService.csproj", "{6F1035CD-77A0-4D7E-8120-52D6F7A56A3D}"
EndProject
Project("{FAE04EC0-301F-11D3-BF4B-00C04F79EFBC}") = "ImportApplicationManagerLogic", "DataExchangeManager\ImportApplicationManagerLogic\ImportApplicationManagerLogic.csproj", "{D4D96A1E-9FEB-4F64-9723-BE4EE9A6069D}"
EndProject
Project("{FAE04EC0-301F-11D3-BF4B-00C04F79EFBC}") = "ImportApplicationManagerService", "DataExchangeManager\ImportApplicationManagerService\ImportApplicationManagerService.csproj", "{D474E5B1-5AA2-4C6A-BD90-E11B64664145}"
EndProject
Project("{FAE04EC0-301F-11D3-BF4B-00C04F79EFBC}") = "NordPoolRequestCommand", "DataExchangeManager\NordPoolRequestCommand\NordPoolRequestCommand.csproj", "{A71C451B-2B85-42D1-89C5-B46138E8A644}"
EndProject
Project("{9A19103F-16F7-4668-BE54-9A1E7A4F7556}") = "NP.Auction.Client", "DataExchangeManager\NP.Auction.Client\NP.Auction.Client.csproj", "{BE85A279-91B9-4C0C-AD37-E8A9AB5428A7}"
EndProject
Project("{FAE04EC0-301F-11D3-BF4B-00C04F79EFBC}") = "NpAuctionDataExchangeManagerService", "DataExchangeManager\NpAuctionDataExchangeManagerService\NpAuctionDataExchangeManagerService.csproj", "{2720DBBA-B843-4961-B6A4-DB92A478BAAC}"
EndProject
Project("{FAE04EC0-301F-11D3-BF4B-00C04F79EFBC}") = "NpAuctionRequester", "DataExchangeManager\NpAuctionRequester\NpAuctionRequester.csproj", "{68835E15-9C61-4A9A-9661-AD9961AE4410}"
EndProject
Project("{FAE04EC0-301F-11D3-BF4B-00C04F79EFBC}") = "AzureDataExchangeManagerService.UnitTests", "UnitTests\AzureDataExchangeManagerService.UnitTests\AzureDataExchangeManagerService.UnitTests.csproj", "{435903F1-2370-4094-819C-AA769950519F}"
EndProject
Project("{FAE04EC0-301F-11D3-BF4B-00C04F79EFBC}") = "DataExchangeAPITest", "UnitTests\DataExchangeAPITest\DataExchangeAPITest.csproj", "{34921561-891D-48D9-AB00-CA2190E8E6C6}"
EndProject
Project("{FAE04EC0-301F-11D3-BF4B-00C04F79EFBC}") = "DataExchangeManagerServiceTest", "UnitTests\DataExchangeManagerServiceTest\DataExchangeManagerServiceTest.csproj", "{BB9ED845-F235-4C54-AD71-41F5BF003684}"
EndProject
Project("{FAE04EC0-301F-11D3-BF4B-00C04F79EFBC}") = "EcpAmqpDataExchangeManagerServiceTest", "UnitTests\EcpAmqpDataExchangeManagerServiceTest\EcpAmqpDataExchangeManagerServiceTest.csproj", "{3F14524B-38E1-49A9-8ECB-D3D4F799B9F2}"
EndProject
Project("{FAE04EC0-301F-11D3-BF4B-00C04F79EFBC}") = "IccpDataExchangeManagerServiceTest", "UnitTests\IccpDataExchangeManagerServiceTest\IccpDataExchangeManagerServiceTest.csproj", "{B39CC903-4734-4C1A-9C47-1D506B7839E0}"
EndProject
Project("{FAE04EC0-301F-11D3-BF4B-00C04F79EFBC}") = "ImportApplicationManagerServiceTest", "UnitTests\ImportApplicationManagerServiceTest\ImportApplicationManagerServiceTest.csproj", "{0925CF97-93D9-48AF-8EEE-C8B6C88244CF}"
EndProject
Project("{2150E333-8FDC-42A3-9474-1A3956D46DE8}") = "Test", "Test", "{8DF88857-7B94-4667-8600-B944CFFE96B9}"
EndProject
Project("{FAE04EC0-301F-11D3-BF4B-00C04F79EFBC}") = "DataExchangeTestClient", "Test\DataExchangeTestClient\DataExchangeTestClient.csproj", "{CC3E3914-AFDE-4F2D-9E74-95BE2057F6B6}"
EndProject
Project("{FAE04EC0-301F-11D3-BF4B-00C04F79EFBC}") = "DataExchangeTestServer", "Test\DataExchangeTestServer\DataExchangeTestServer.csproj", "{2435BD15-8DF2-4892-B49D-166F407ABF80}"
EndProject
Project("{FAE04EC0-301F-11D3-BF4B-00C04F79EFBC}") = "TestMsmq", "Test\TestMsmq\TestMsmq.csproj", "{25025ED2-8BE0-4327-8403-079D087B8AAD}"
EndProject
Project("{2150E333-8FDC-42A3-9474-1A3956D46DE8}") = "ConfigurationSystem", "ConfigurationSystem", "{5FDEF7AC-8BA5-41CA-8116-B1A2DD2641AC}"
EndProject
Project("{8BC9CEB8-8B4A-11D0-8D11-00A0C91BC942}") = "PowelCfgServer", "ConfigurationSystem\CfgServer\CfgServer.vcxproj", "{718F5755-5EF2-4CA4-B251-C5E67F4F1A2D}"
EndProject
Project("{2150E333-8FDC-42A3-9474-1A3956D46DE8}") = "cpp", "cpp", "{64D48FFC-E561-43C4-BFEF-EF453B742C34}"
EndProject
Project("{8BC9CEB8-8B4A-11D0-8D11-00A0C91BC942}") = "ConfigurationSystemCLI", "ConfigurationSystem\CfgServer.NET\ConfigurationSystemCLI.vcxproj", "{D3699DAE-2D51-4A5C-92C8-97C5744144BF}"
	ProjectSection(ProjectDependencies) = postProject
		{718F5755-5EF2-4CA4-B251-C5E67F4F1A2D} = {718F5755-5EF2-4CA4-B251-C5E67F4F1A2D}
	EndProjectSection
EndProject
Project("{8BC9CEB8-8B4A-11D0-8D11-00A0C91BC942}") = "LibLogging", "cpp\LibLogging\LibLogging.vcxproj", "{C7A23873-194A-44E9-B3D9-11C4B35E6CD9}"
EndProject
Project("{8BC9CEB8-8B4A-11D0-8D11-00A0C91BC942}") = "LibOtlUtil", "cpp\otl\LibOtlUtil\LibOtlUtil.vcxproj", "{ACCFE1A0-A71A-4DAF-8CCB-AB577CB2D3E4}"
EndProject
Project("{FAE04EC0-301F-11D3-BF4B-00C04F79EFBC}") = "Powel.ConfigurationSystemService", "ConfigurationSystem\ConfigurationSystemService\Powel.ConfigurationSystemService.csproj", "{2FA6ED92-582F-47FA-9C2B-7BBB59D6875F}"
EndProject
Project("{FAE04EC0-301F-11D3-BF4B-00C04F79EFBC}") = "MassTransitFileWatcherDataExchangeManagerService", "DataExchangeManager\MassTransitFileWatcherDataExchangeManagerService\MassTransitFileWatcherDataExchangeManagerService.csproj", "{517BACC0-C34D-4E0A-B99B-5A5176CD4CDD}"
	ProjectSection(ProjectDependencies) = postProject
		{280CDB7F-4146-45D0-8F84-605DD5B2C431} = {280CDB7F-4146-45D0-8F84-605DD5B2C431}
	EndProjectSection
EndProject
Project("{FAE04EC0-301F-11D3-BF4B-00C04F79EFBC}") = "DataExchangeAPI", "DataExchangeManager\DataExchangeAPI\DataExchangeAPI.csproj", "{09076F6E-5F4F-41FF-A4E5-EB20688039A5}"
EndProject
Project("{2150E333-8FDC-42A3-9474-1A3956D46DE8}") = "Powel", "Powel", "{4746C222-D0B1-4B22-89E9-D8876FB81AB0}"
EndProject
Project("{FAE04EC0-301F-11D3-BF4B-00C04F79EFBC}") = "Powel", "Powel\Powel.csproj", "{55F4A851-9FC3-4E84-A50D-989214BA8028}"
EndProject
Project("{FAE04EC0-301F-11D3-BF4B-00C04F79EFBC}") = "Powel.Icc", "Powel\Icc\Powel.Icc.csproj", "{C5CEBEB7-C2D3-446D-A2B7-E99B01FED6A0}"
EndProject
Project("{FAE04EC0-301F-11D3-BF4B-00C04F79EFBC}") = "Powel.Icc.Common", "Powel\Icc\Common\Powel.Icc.Common.csproj", "{A85166F5-C8E5-43A7-80D5-245F2EE86F04}"
EndProject
Project("{FAE04EC0-301F-11D3-BF4B-00C04F79EFBC}") = "Powel.Icc.Data", "Powel\Icc\Data\Powel.Icc.Data.csproj", "{EA3D99AF-DFF0-4725-BC23-51FC85DC4040}"
EndProject
Project("{FAE04EC0-301F-11D3-BF4B-00C04F79EFBC}") = "Powel.Icc.Messaging", "Powel\Icc\Messaging\Powel.Icc.Messaging.csproj", "{4C80EF77-6C1F-4272-9BB9-418CFB8A4B90}"
EndProject
Project("{8BC9CEB8-8B4A-11D0-8D11-00A0C91BC942}") = "Powel.Icc.Interop", "Powel\Icc\Interop\Powel.Icc.Interop.vcxproj", "{280CDB7F-4146-45D0-8F84-605DD5B2C431}"
EndProject
Project("{FAE04EC0-301F-11D3-BF4B-00C04F79EFBC}") = "Powel.Icc.Services", "Powel\Icc\Services\Powel.Icc.Services.csproj", "{C48E6D56-4A58-460F-B48D-B98A99C19834}"
EndProject
Project("{FAE04EC0-301F-11D3-BF4B-00C04F79EFBC}") = "Powel.Wpf.Common", "Powel\Icc\Wpf\Powel.Wpf.Common.csproj", "{660C6E97-4BBC-41A7-9076-7C1AC87E0794}"
EndProject
Global
	GlobalSection(SolutionConfigurationPlatforms) = preSolution
		Debug|Any CPU = Debug|Any CPU
		Debug|x64 = Debug|x64
		Debug|x86 = Debug|x86
		Release|Any CPU = Release|Any CPU
		Release|x64 = Release|x64
		Release|x86 = Release|x86
	EndGlobalSection
	GlobalSection(ProjectConfigurationPlatforms) = postSolution
		{14E1C534-F010-40D9-8A79-18860E351228}.Debug|Any CPU.ActiveCfg = Debug|Any CPU
		{14E1C534-F010-40D9-8A79-18860E351228}.Debug|Any CPU.Build.0 = Debug|Any CPU
		{14E1C534-F010-40D9-8A79-18860E351228}.Debug|x64.ActiveCfg = Debug|Any CPU
		{14E1C534-F010-40D9-8A79-18860E351228}.Debug|x64.Build.0 = Debug|Any CPU
		{14E1C534-F010-40D9-8A79-18860E351228}.Debug|x86.ActiveCfg = Debug|x86
		{14E1C534-F010-40D9-8A79-18860E351228}.Debug|x86.Build.0 = Debug|x86
		{14E1C534-F010-40D9-8A79-18860E351228}.Release|Any CPU.ActiveCfg = Release|Any CPU
		{14E1C534-F010-40D9-8A79-18860E351228}.Release|Any CPU.Build.0 = Release|Any CPU
		{14E1C534-F010-40D9-8A79-18860E351228}.Release|x64.ActiveCfg = Release|Any CPU
		{14E1C534-F010-40D9-8A79-18860E351228}.Release|x64.Build.0 = Release|Any CPU
		{14E1C534-F010-40D9-8A79-18860E351228}.Release|x86.ActiveCfg = Release|x86
		{14E1C534-F010-40D9-8A79-18860E351228}.Release|x86.Build.0 = Release|x86
		{46180C80-76B8-4B08-ACE5-D83ABF12148A}.Debug|Any CPU.ActiveCfg = Debug|Any CPU
		{46180C80-76B8-4B08-ACE5-D83ABF12148A}.Debug|Any CPU.Build.0 = Debug|Any CPU
		{46180C80-76B8-4B08-ACE5-D83ABF12148A}.Debug|x64.ActiveCfg = Debug|Any CPU
		{46180C80-76B8-4B08-ACE5-D83ABF12148A}.Debug|x64.Build.0 = Debug|Any CPU
		{46180C80-76B8-4B08-ACE5-D83ABF12148A}.Debug|x86.ActiveCfg = Debug|Any CPU
		{46180C80-76B8-4B08-ACE5-D83ABF12148A}.Debug|x86.Build.0 = Debug|Any CPU
		{46180C80-76B8-4B08-ACE5-D83ABF12148A}.Release|Any CPU.ActiveCfg = Release|Any CPU
		{46180C80-76B8-4B08-ACE5-D83ABF12148A}.Release|Any CPU.Build.0 = Release|Any CPU
		{46180C80-76B8-4B08-ACE5-D83ABF12148A}.Release|x64.ActiveCfg = Release|Any CPU
		{46180C80-76B8-4B08-ACE5-D83ABF12148A}.Release|x64.Build.0 = Release|Any CPU
		{46180C80-76B8-4B08-ACE5-D83ABF12148A}.Release|x86.ActiveCfg = Release|Any CPU
		{46180C80-76B8-4B08-ACE5-D83ABF12148A}.Release|x86.Build.0 = Release|Any CPU
		{E1DD6465-9792-4A82-A53F-5E5315D11B70}.Debug|Any CPU.ActiveCfg = Debug|x86
		{E1DD6465-9792-4A82-A53F-5E5315D11B70}.Debug|Any CPU.Build.0 = Debug|x86
		{E1DD6465-9792-4A82-A53F-5E5315D11B70}.Debug|x64.ActiveCfg = Debug|x86
		{E1DD6465-9792-4A82-A53F-5E5315D11B70}.Debug|x64.Build.0 = Debug|x86
		{E1DD6465-9792-4A82-A53F-5E5315D11B70}.Debug|x86.ActiveCfg = Debug|x86
		{E1DD6465-9792-4A82-A53F-5E5315D11B70}.Debug|x86.Build.0 = Debug|x86
		{E1DD6465-9792-4A82-A53F-5E5315D11B70}.Release|Any CPU.ActiveCfg = Release|x86
		{E1DD6465-9792-4A82-A53F-5E5315D11B70}.Release|Any CPU.Build.0 = Release|x86
		{E1DD6465-9792-4A82-A53F-5E5315D11B70}.Release|x64.ActiveCfg = Release|x86
		{E1DD6465-9792-4A82-A53F-5E5315D11B70}.Release|x64.Build.0 = Release|x86
		{E1DD6465-9792-4A82-A53F-5E5315D11B70}.Release|x86.ActiveCfg = Release|x86
		{E1DD6465-9792-4A82-A53F-5E5315D11B70}.Release|x86.Build.0 = Release|x86
		{58CF5467-4301-4128-B807-BD8BE2C2C22A}.Debug|Any CPU.ActiveCfg = Debug|Any CPU
		{58CF5467-4301-4128-B807-BD8BE2C2C22A}.Debug|Any CPU.Build.0 = Debug|Any CPU
		{58CF5467-4301-4128-B807-BD8BE2C2C22A}.Debug|x64.ActiveCfg = Debug|Any CPU
		{58CF5467-4301-4128-B807-BD8BE2C2C22A}.Debug|x64.Build.0 = Debug|Any CPU
		{58CF5467-4301-4128-B807-BD8BE2C2C22A}.Debug|x86.ActiveCfg = Debug|Any CPU
		{58CF5467-4301-4128-B807-BD8BE2C2C22A}.Debug|x86.Build.0 = Debug|Any CPU
		{58CF5467-4301-4128-B807-BD8BE2C2C22A}.Release|Any CPU.ActiveCfg = Release|Any CPU
		{58CF5467-4301-4128-B807-BD8BE2C2C22A}.Release|Any CPU.Build.0 = Release|Any CPU
		{58CF5467-4301-4128-B807-BD8BE2C2C22A}.Release|x64.ActiveCfg = Release|Any CPU
		{58CF5467-4301-4128-B807-BD8BE2C2C22A}.Release|x64.Build.0 = Release|Any CPU
		{58CF5467-4301-4128-B807-BD8BE2C2C22A}.Release|x86.ActiveCfg = Release|Any CPU
		{58CF5467-4301-4128-B807-BD8BE2C2C22A}.Release|x86.Build.0 = Release|Any CPU
		{26E62213-02C7-4E1E-8749-F01D4EBEBDEA}.Debug|Any CPU.ActiveCfg = Debug|x86
		{26E62213-02C7-4E1E-8749-F01D4EBEBDEA}.Debug|Any CPU.Build.0 = Debug|x86
		{26E62213-02C7-4E1E-8749-F01D4EBEBDEA}.Debug|x64.ActiveCfg = Debug|x86
		{26E62213-02C7-4E1E-8749-F01D4EBEBDEA}.Debug|x64.Build.0 = Debug|x86
		{26E62213-02C7-4E1E-8749-F01D4EBEBDEA}.Debug|x86.ActiveCfg = Debug|x86
		{26E62213-02C7-4E1E-8749-F01D4EBEBDEA}.Debug|x86.Build.0 = Debug|x86
		{26E62213-02C7-4E1E-8749-F01D4EBEBDEA}.Release|Any CPU.ActiveCfg = Release|x86
		{26E62213-02C7-4E1E-8749-F01D4EBEBDEA}.Release|Any CPU.Build.0 = Release|x86
		{26E62213-02C7-4E1E-8749-F01D4EBEBDEA}.Release|x64.ActiveCfg = Release|x86
		{26E62213-02C7-4E1E-8749-F01D4EBEBDEA}.Release|x64.Build.0 = Release|x86
		{26E62213-02C7-4E1E-8749-F01D4EBEBDEA}.Release|x86.ActiveCfg = Release|x86
		{26E62213-02C7-4E1E-8749-F01D4EBEBDEA}.Release|x86.Build.0 = Release|x86
		{59E99C7E-EC69-4FA7-8671-464C80CBBE44}.Debug|Any CPU.ActiveCfg = Debug|Any CPU
		{59E99C7E-EC69-4FA7-8671-464C80CBBE44}.Debug|Any CPU.Build.0 = Debug|Any CPU
		{59E99C7E-EC69-4FA7-8671-464C80CBBE44}.Debug|x64.ActiveCfg = Debug|Any CPU
		{59E99C7E-EC69-4FA7-8671-464C80CBBE44}.Debug|x64.Build.0 = Debug|Any CPU
		{59E99C7E-EC69-4FA7-8671-464C80CBBE44}.Debug|x86.ActiveCfg = Debug|x86
		{59E99C7E-EC69-4FA7-8671-464C80CBBE44}.Debug|x86.Build.0 = Debug|x86
		{59E99C7E-EC69-4FA7-8671-464C80CBBE44}.Release|Any CPU.ActiveCfg = Release|Any CPU
		{59E99C7E-EC69-4FA7-8671-464C80CBBE44}.Release|Any CPU.Build.0 = Release|Any CPU
		{59E99C7E-EC69-4FA7-8671-464C80CBBE44}.Release|x64.ActiveCfg = Release|Any CPU
		{59E99C7E-EC69-4FA7-8671-464C80CBBE44}.Release|x64.Build.0 = Release|Any CPU
		{59E99C7E-EC69-4FA7-8671-464C80CBBE44}.Release|x86.ActiveCfg = Release|x86
		{59E99C7E-EC69-4FA7-8671-464C80CBBE44}.Release|x86.Build.0 = Release|x86
		{31D6C3DF-97F8-4773-BAA0-C36115DD2014}.Debug|Any CPU.ActiveCfg = Debug|x86
		{31D6C3DF-97F8-4773-BAA0-C36115DD2014}.Debug|Any CPU.Build.0 = Debug|x86
		{31D6C3DF-97F8-4773-BAA0-C36115DD2014}.Debug|x64.ActiveCfg = Debug|x86
		{31D6C3DF-97F8-4773-BAA0-C36115DD2014}.Debug|x64.Build.0 = Debug|x86
		{31D6C3DF-97F8-4773-BAA0-C36115DD2014}.Debug|x86.ActiveCfg = Debug|x86
		{31D6C3DF-97F8-4773-BAA0-C36115DD2014}.Debug|x86.Build.0 = Debug|x86
		{31D6C3DF-97F8-4773-BAA0-C36115DD2014}.Release|Any CPU.ActiveCfg = Release|x86
		{31D6C3DF-97F8-4773-BAA0-C36115DD2014}.Release|Any CPU.Build.0 = Release|x86
		{31D6C3DF-97F8-4773-BAA0-C36115DD2014}.Release|x64.ActiveCfg = Release|x86
		{31D6C3DF-97F8-4773-BAA0-C36115DD2014}.Release|x64.Build.0 = Release|x86
		{31D6C3DF-97F8-4773-BAA0-C36115DD2014}.Release|x86.ActiveCfg = Release|x86
		{31D6C3DF-97F8-4773-BAA0-C36115DD2014}.Release|x86.Build.0 = Release|x86
		{90CE6379-DA24-4DBF-B880-4C9120FDE060}.Debug|Any CPU.ActiveCfg = Debug|x86
		{90CE6379-DA24-4DBF-B880-4C9120FDE060}.Debug|Any CPU.Build.0 = Debug|x86
		{90CE6379-DA24-4DBF-B880-4C9120FDE060}.Debug|x64.ActiveCfg = Debug|x86
		{90CE6379-DA24-4DBF-B880-4C9120FDE060}.Debug|x64.Build.0 = Debug|x86
		{90CE6379-DA24-4DBF-B880-4C9120FDE060}.Debug|x86.ActiveCfg = Debug|x86
		{90CE6379-DA24-4DBF-B880-4C9120FDE060}.Debug|x86.Build.0 = Debug|x86
		{90CE6379-DA24-4DBF-B880-4C9120FDE060}.Release|Any CPU.ActiveCfg = Release|x86
		{90CE6379-DA24-4DBF-B880-4C9120FDE060}.Release|Any CPU.Build.0 = Release|x86
		{90CE6379-DA24-4DBF-B880-4C9120FDE060}.Release|x64.ActiveCfg = Release|x86
		{90CE6379-DA24-4DBF-B880-4C9120FDE060}.Release|x64.Build.0 = Release|x86
		{90CE6379-DA24-4DBF-B880-4C9120FDE060}.Release|x86.ActiveCfg = Release|x86
		{90CE6379-DA24-4DBF-B880-4C9120FDE060}.Release|x86.Build.0 = Release|x86
		{FFE6160E-2926-49BA-AB44-7BB82B8029B0}.Debug|Any CPU.ActiveCfg = Debug|x86
		{FFE6160E-2926-49BA-AB44-7BB82B8029B0}.Debug|Any CPU.Build.0 = Debug|x86
		{FFE6160E-2926-49BA-AB44-7BB82B8029B0}.Debug|x64.ActiveCfg = Debug|x86
		{FFE6160E-2926-49BA-AB44-7BB82B8029B0}.Debug|x64.Build.0 = Debug|x86
		{FFE6160E-2926-49BA-AB44-7BB82B8029B0}.Debug|x86.ActiveCfg = Debug|x86
		{FFE6160E-2926-49BA-AB44-7BB82B8029B0}.Debug|x86.Build.0 = Debug|x86
		{FFE6160E-2926-49BA-AB44-7BB82B8029B0}.Release|Any CPU.ActiveCfg = Release|x86
		{FFE6160E-2926-49BA-AB44-7BB82B8029B0}.Release|Any CPU.Build.0 = Release|x86
		{FFE6160E-2926-49BA-AB44-7BB82B8029B0}.Release|x64.ActiveCfg = Release|x86
		{FFE6160E-2926-49BA-AB44-7BB82B8029B0}.Release|x64.Build.0 = Release|x86
		{FFE6160E-2926-49BA-AB44-7BB82B8029B0}.Release|x86.ActiveCfg = Release|x86
		{FFE6160E-2926-49BA-AB44-7BB82B8029B0}.Release|x86.Build.0 = Release|x86
		{8CA637D7-2641-4843-8A0C-08C97D01C58D}.Debug|Any CPU.ActiveCfg = Debug|Any CPU
		{8CA637D7-2641-4843-8A0C-08C97D01C58D}.Debug|Any CPU.Build.0 = Debug|Any CPU
		{8CA637D7-2641-4843-8A0C-08C97D01C58D}.Debug|x64.ActiveCfg = Debug|Any CPU
		{8CA637D7-2641-4843-8A0C-08C97D01C58D}.Debug|x64.Build.0 = Debug|Any CPU
		{8CA637D7-2641-4843-8A0C-08C97D01C58D}.Debug|x86.ActiveCfg = Debug|x86
		{8CA637D7-2641-4843-8A0C-08C97D01C58D}.Debug|x86.Build.0 = Debug|x86
		{8CA637D7-2641-4843-8A0C-08C97D01C58D}.Release|Any CPU.ActiveCfg = Release|Any CPU
		{8CA637D7-2641-4843-8A0C-08C97D01C58D}.Release|Any CPU.Build.0 = Release|Any CPU
		{8CA637D7-2641-4843-8A0C-08C97D01C58D}.Release|x64.ActiveCfg = Release|Any CPU
		{8CA637D7-2641-4843-8A0C-08C97D01C58D}.Release|x64.Build.0 = Release|Any CPU
		{8CA637D7-2641-4843-8A0C-08C97D01C58D}.Release|x86.ActiveCfg = Release|x86
		{8CA637D7-2641-4843-8A0C-08C97D01C58D}.Release|x86.Build.0 = Release|x86
		{811F06BE-A643-48AD-A2C9-8C29FA51F823}.Debug|Any CPU.ActiveCfg = Debug|x86
		{811F06BE-A643-48AD-A2C9-8C29FA51F823}.Debug|Any CPU.Build.0 = Debug|x86
		{811F06BE-A643-48AD-A2C9-8C29FA51F823}.Debug|x64.ActiveCfg = Debug|x86
		{811F06BE-A643-48AD-A2C9-8C29FA51F823}.Debug|x64.Build.0 = Debug|x86
		{811F06BE-A643-48AD-A2C9-8C29FA51F823}.Debug|x86.ActiveCfg = Debug|x86
		{811F06BE-A643-48AD-A2C9-8C29FA51F823}.Debug|x86.Build.0 = Debug|x86
		{811F06BE-A643-48AD-A2C9-8C29FA51F823}.Release|Any CPU.ActiveCfg = Release|x86
		{811F06BE-A643-48AD-A2C9-8C29FA51F823}.Release|Any CPU.Build.0 = Release|x86
		{811F06BE-A643-48AD-A2C9-8C29FA51F823}.Release|x64.ActiveCfg = Release|x86
		{811F06BE-A643-48AD-A2C9-8C29FA51F823}.Release|x64.Build.0 = Release|x86
		{811F06BE-A643-48AD-A2C9-8C29FA51F823}.Release|x86.ActiveCfg = Release|x86
		{811F06BE-A643-48AD-A2C9-8C29FA51F823}.Release|x86.Build.0 = Release|x86
		{E3929B38-D51F-4933-AB00-AFA3244AA967}.Debug|Any CPU.ActiveCfg = Debug|x86
		{E3929B38-D51F-4933-AB00-AFA3244AA967}.Debug|Any CPU.Build.0 = Debug|x86
		{E3929B38-D51F-4933-AB00-AFA3244AA967}.Debug|x64.ActiveCfg = Debug|x86
		{E3929B38-D51F-4933-AB00-AFA3244AA967}.Debug|x64.Build.0 = Debug|x86
		{E3929B38-D51F-4933-AB00-AFA3244AA967}.Debug|x86.ActiveCfg = Debug|x86
		{E3929B38-D51F-4933-AB00-AFA3244AA967}.Debug|x86.Build.0 = Debug|x86
		{E3929B38-D51F-4933-AB00-AFA3244AA967}.Release|Any CPU.ActiveCfg = Release|x86
		{E3929B38-D51F-4933-AB00-AFA3244AA967}.Release|Any CPU.Build.0 = Release|x86
		{E3929B38-D51F-4933-AB00-AFA3244AA967}.Release|x64.ActiveCfg = Release|x86
		{E3929B38-D51F-4933-AB00-AFA3244AA967}.Release|x64.Build.0 = Release|x86
		{E3929B38-D51F-4933-AB00-AFA3244AA967}.Release|x86.ActiveCfg = Release|x86
		{E3929B38-D51F-4933-AB00-AFA3244AA967}.Release|x86.Build.0 = Release|x86
		{34EB38F2-DEDF-4766-BE4F-BA57714E8F9B}.Debug|Any CPU.ActiveCfg = Debug|Any CPU
		{34EB38F2-DEDF-4766-BE4F-BA57714E8F9B}.Debug|Any CPU.Build.0 = Debug|Any CPU
		{34EB38F2-DEDF-4766-BE4F-BA57714E8F9B}.Debug|x64.ActiveCfg = Debug|Any CPU
		{34EB38F2-DEDF-4766-BE4F-BA57714E8F9B}.Debug|x64.Build.0 = Debug|Any CPU
		{34EB38F2-DEDF-4766-BE4F-BA57714E8F9B}.Debug|x86.ActiveCfg = Debug|x86
		{34EB38F2-DEDF-4766-BE4F-BA57714E8F9B}.Debug|x86.Build.0 = Debug|x86
		{34EB38F2-DEDF-4766-BE4F-BA57714E8F9B}.Release|Any CPU.ActiveCfg = Release|Any CPU
		{34EB38F2-DEDF-4766-BE4F-BA57714E8F9B}.Release|Any CPU.Build.0 = Release|Any CPU
		{34EB38F2-DEDF-4766-BE4F-BA57714E8F9B}.Release|x64.ActiveCfg = Release|Any CPU
		{34EB38F2-DEDF-4766-BE4F-BA57714E8F9B}.Release|x64.Build.0 = Release|Any CPU
		{34EB38F2-DEDF-4766-BE4F-BA57714E8F9B}.Release|x86.ActiveCfg = Release|x86
		{34EB38F2-DEDF-4766-BE4F-BA57714E8F9B}.Release|x86.Build.0 = Release|x86
		{6F1035CD-77A0-4D7E-8120-52D6F7A56A3D}.Debug|Any CPU.ActiveCfg = Debug|Any CPU
		{6F1035CD-77A0-4D7E-8120-52D6F7A56A3D}.Debug|Any CPU.Build.0 = Debug|Any CPU
		{6F1035CD-77A0-4D7E-8120-52D6F7A56A3D}.Debug|x64.ActiveCfg = Debug|Any CPU
		{6F1035CD-77A0-4D7E-8120-52D6F7A56A3D}.Debug|x64.Build.0 = Debug|Any CPU
		{6F1035CD-77A0-4D7E-8120-52D6F7A56A3D}.Debug|x86.ActiveCfg = Debug|x86
		{6F1035CD-77A0-4D7E-8120-52D6F7A56A3D}.Debug|x86.Build.0 = Debug|x86
		{6F1035CD-77A0-4D7E-8120-52D6F7A56A3D}.Release|Any CPU.ActiveCfg = Release|Any CPU
		{6F1035CD-77A0-4D7E-8120-52D6F7A56A3D}.Release|Any CPU.Build.0 = Release|Any CPU
		{6F1035CD-77A0-4D7E-8120-52D6F7A56A3D}.Release|x64.ActiveCfg = Release|Any CPU
		{6F1035CD-77A0-4D7E-8120-52D6F7A56A3D}.Release|x64.Build.0 = Release|Any CPU
		{6F1035CD-77A0-4D7E-8120-52D6F7A56A3D}.Release|x86.ActiveCfg = Release|x86
		{6F1035CD-77A0-4D7E-8120-52D6F7A56A3D}.Release|x86.Build.0 = Release|x86
		{D4D96A1E-9FEB-4F64-9723-BE4EE9A6069D}.Debug|Any CPU.ActiveCfg = Debug|Any CPU
		{D4D96A1E-9FEB-4F64-9723-BE4EE9A6069D}.Debug|Any CPU.Build.0 = Debug|Any CPU
		{D4D96A1E-9FEB-4F64-9723-BE4EE9A6069D}.Debug|x64.ActiveCfg = Debug|Any CPU
		{D4D96A1E-9FEB-4F64-9723-BE4EE9A6069D}.Debug|x64.Build.0 = Debug|Any CPU
		{D4D96A1E-9FEB-4F64-9723-BE4EE9A6069D}.Debug|x86.ActiveCfg = Debug|x86
		{D4D96A1E-9FEB-4F64-9723-BE4EE9A6069D}.Debug|x86.Build.0 = Debug|x86
		{D4D96A1E-9FEB-4F64-9723-BE4EE9A6069D}.Release|Any CPU.ActiveCfg = Release|Any CPU
		{D4D96A1E-9FEB-4F64-9723-BE4EE9A6069D}.Release|Any CPU.Build.0 = Release|Any CPU
		{D4D96A1E-9FEB-4F64-9723-BE4EE9A6069D}.Release|x64.ActiveCfg = Release|Any CPU
		{D4D96A1E-9FEB-4F64-9723-BE4EE9A6069D}.Release|x64.Build.0 = Release|Any CPU
		{D4D96A1E-9FEB-4F64-9723-BE4EE9A6069D}.Release|x86.ActiveCfg = Release|x86
		{D4D96A1E-9FEB-4F64-9723-BE4EE9A6069D}.Release|x86.Build.0 = Release|x86
		{D474E5B1-5AA2-4C6A-BD90-E11B64664145}.Debug|Any CPU.ActiveCfg = Debug|x86
		{D474E5B1-5AA2-4C6A-BD90-E11B64664145}.Debug|Any CPU.Build.0 = Debug|x86
		{D474E5B1-5AA2-4C6A-BD90-E11B64664145}.Debug|x64.ActiveCfg = Debug|x86
		{D474E5B1-5AA2-4C6A-BD90-E11B64664145}.Debug|x64.Build.0 = Debug|x86
		{D474E5B1-5AA2-4C6A-BD90-E11B64664145}.Debug|x86.ActiveCfg = Debug|x86
		{D474E5B1-5AA2-4C6A-BD90-E11B64664145}.Debug|x86.Build.0 = Debug|x86
		{D474E5B1-5AA2-4C6A-BD90-E11B64664145}.Release|Any CPU.ActiveCfg = Release|x86
		{D474E5B1-5AA2-4C6A-BD90-E11B64664145}.Release|Any CPU.Build.0 = Release|x86
		{D474E5B1-5AA2-4C6A-BD90-E11B64664145}.Release|x64.ActiveCfg = Release|x86
		{D474E5B1-5AA2-4C6A-BD90-E11B64664145}.Release|x64.Build.0 = Release|x86
		{D474E5B1-5AA2-4C6A-BD90-E11B64664145}.Release|x86.ActiveCfg = Release|x86
		{D474E5B1-5AA2-4C6A-BD90-E11B64664145}.Release|x86.Build.0 = Release|x86
		{A71C451B-2B85-42D1-89C5-B46138E8A644}.Debug|Any CPU.ActiveCfg = Debug|Any CPU
		{A71C451B-2B85-42D1-89C5-B46138E8A644}.Debug|Any CPU.Build.0 = Debug|Any CPU
		{A71C451B-2B85-42D1-89C5-B46138E8A644}.Debug|x64.ActiveCfg = Debug|Any CPU
		{A71C451B-2B85-42D1-89C5-B46138E8A644}.Debug|x64.Build.0 = Debug|Any CPU
		{A71C451B-2B85-42D1-89C5-B46138E8A644}.Debug|x86.ActiveCfg = Debug|Any CPU
		{A71C451B-2B85-42D1-89C5-B46138E8A644}.Debug|x86.Build.0 = Debug|Any CPU
		{A71C451B-2B85-42D1-89C5-B46138E8A644}.Release|Any CPU.ActiveCfg = Release|Any CPU
		{A71C451B-2B85-42D1-89C5-B46138E8A644}.Release|Any CPU.Build.0 = Release|Any CPU
		{A71C451B-2B85-42D1-89C5-B46138E8A644}.Release|x64.ActiveCfg = Release|Any CPU
		{A71C451B-2B85-42D1-89C5-B46138E8A644}.Release|x64.Build.0 = Release|Any CPU
		{A71C451B-2B85-42D1-89C5-B46138E8A644}.Release|x86.ActiveCfg = Release|Any CPU
		{A71C451B-2B85-42D1-89C5-B46138E8A644}.Release|x86.Build.0 = Release|Any CPU
		{BE85A279-91B9-4C0C-AD37-E8A9AB5428A7}.Debug|Any CPU.ActiveCfg = Debug|Any CPU
		{BE85A279-91B9-4C0C-AD37-E8A9AB5428A7}.Debug|Any CPU.Build.0 = Debug|Any CPU
		{BE85A279-91B9-4C0C-AD37-E8A9AB5428A7}.Debug|x64.ActiveCfg = Debug|Any CPU
		{BE85A279-91B9-4C0C-AD37-E8A9AB5428A7}.Debug|x64.Build.0 = Debug|Any CPU
		{BE85A279-91B9-4C0C-AD37-E8A9AB5428A7}.Debug|x86.ActiveCfg = Debug|Any CPU
		{BE85A279-91B9-4C0C-AD37-E8A9AB5428A7}.Debug|x86.Build.0 = Debug|Any CPU
		{BE85A279-91B9-4C0C-AD37-E8A9AB5428A7}.Release|Any CPU.ActiveCfg = Release|Any CPU
		{BE85A279-91B9-4C0C-AD37-E8A9AB5428A7}.Release|Any CPU.Build.0 = Release|Any CPU
		{BE85A279-91B9-4C0C-AD37-E8A9AB5428A7}.Release|x64.ActiveCfg = Release|Any CPU
		{BE85A279-91B9-4C0C-AD37-E8A9AB5428A7}.Release|x64.Build.0 = Release|Any CPU
		{BE85A279-91B9-4C0C-AD37-E8A9AB5428A7}.Release|x86.ActiveCfg = Release|Any CPU
		{BE85A279-91B9-4C0C-AD37-E8A9AB5428A7}.Release|x86.Build.0 = Release|Any CPU
		{2720DBBA-B843-4961-B6A4-DB92A478BAAC}.Debug|Any CPU.ActiveCfg = Debug|Any CPU
		{2720DBBA-B843-4961-B6A4-DB92A478BAAC}.Debug|Any CPU.Build.0 = Debug|Any CPU
		{2720DBBA-B843-4961-B6A4-DB92A478BAAC}.Debug|x64.ActiveCfg = Debug|Any CPU
		{2720DBBA-B843-4961-B6A4-DB92A478BAAC}.Debug|x64.Build.0 = Debug|Any CPU
		{2720DBBA-B843-4961-B6A4-DB92A478BAAC}.Debug|x86.ActiveCfg = Debug|x86
		{2720DBBA-B843-4961-B6A4-DB92A478BAAC}.Debug|x86.Build.0 = Debug|x86
		{2720DBBA-B843-4961-B6A4-DB92A478BAAC}.Release|Any CPU.ActiveCfg = Release|Any CPU
		{2720DBBA-B843-4961-B6A4-DB92A478BAAC}.Release|Any CPU.Build.0 = Release|Any CPU
		{2720DBBA-B843-4961-B6A4-DB92A478BAAC}.Release|x64.ActiveCfg = Release|Any CPU
		{2720DBBA-B843-4961-B6A4-DB92A478BAAC}.Release|x64.Build.0 = Release|Any CPU
		{2720DBBA-B843-4961-B6A4-DB92A478BAAC}.Release|x86.ActiveCfg = Release|x86
		{2720DBBA-B843-4961-B6A4-DB92A478BAAC}.Release|x86.Build.0 = Release|x86
		{68835E15-9C61-4A9A-9661-AD9961AE4410}.Debug|Any CPU.ActiveCfg = Debug|Any CPU
		{68835E15-9C61-4A9A-9661-AD9961AE4410}.Debug|Any CPU.Build.0 = Debug|Any CPU
		{68835E15-9C61-4A9A-9661-AD9961AE4410}.Debug|x64.ActiveCfg = Debug|Any CPU
		{68835E15-9C61-4A9A-9661-AD9961AE4410}.Debug|x64.Build.0 = Debug|Any CPU
		{68835E15-9C61-4A9A-9661-AD9961AE4410}.Debug|x86.ActiveCfg = Debug|Any CPU
		{68835E15-9C61-4A9A-9661-AD9961AE4410}.Debug|x86.Build.0 = Debug|Any CPU
		{68835E15-9C61-4A9A-9661-AD9961AE4410}.Release|Any CPU.ActiveCfg = Release|Any CPU
		{68835E15-9C61-4A9A-9661-AD9961AE4410}.Release|Any CPU.Build.0 = Release|Any CPU
		{68835E15-9C61-4A9A-9661-AD9961AE4410}.Release|x64.ActiveCfg = Release|Any CPU
		{68835E15-9C61-4A9A-9661-AD9961AE4410}.Release|x64.Build.0 = Release|Any CPU
		{68835E15-9C61-4A9A-9661-AD9961AE4410}.Release|x86.ActiveCfg = Release|Any CPU
		{68835E15-9C61-4A9A-9661-AD9961AE4410}.Release|x86.Build.0 = Release|Any CPU
		{435903F1-2370-4094-819C-AA769950519F}.Debug|Any CPU.ActiveCfg = Debug|Any CPU
		{435903F1-2370-4094-819C-AA769950519F}.Debug|Any CPU.Build.0 = Debug|Any CPU
		{435903F1-2370-4094-819C-AA769950519F}.Debug|x64.ActiveCfg = Debug|Any CPU
		{435903F1-2370-4094-819C-AA769950519F}.Debug|x64.Build.0 = Debug|Any CPU
		{435903F1-2370-4094-819C-AA769950519F}.Debug|x86.ActiveCfg = Debug|x86
		{435903F1-2370-4094-819C-AA769950519F}.Debug|x86.Build.0 = Debug|x86
		{435903F1-2370-4094-819C-AA769950519F}.Release|Any CPU.ActiveCfg = Release|Any CPU
		{435903F1-2370-4094-819C-AA769950519F}.Release|Any CPU.Build.0 = Release|Any CPU
		{435903F1-2370-4094-819C-AA769950519F}.Release|x64.ActiveCfg = Release|Any CPU
		{435903F1-2370-4094-819C-AA769950519F}.Release|x64.Build.0 = Release|Any CPU
		{435903F1-2370-4094-819C-AA769950519F}.Release|x86.ActiveCfg = Release|x86
		{435903F1-2370-4094-819C-AA769950519F}.Release|x86.Build.0 = Release|x86
		{34921561-891D-48D9-AB00-CA2190E8E6C6}.Debug|Any CPU.ActiveCfg = Debug|Any CPU
		{34921561-891D-48D9-AB00-CA2190E8E6C6}.Debug|Any CPU.Build.0 = Debug|Any CPU
		{34921561-891D-48D9-AB00-CA2190E8E6C6}.Debug|x64.ActiveCfg = Debug|Any CPU
		{34921561-891D-48D9-AB00-CA2190E8E6C6}.Debug|x64.Build.0 = Debug|Any CPU
		{34921561-891D-48D9-AB00-CA2190E8E6C6}.Debug|x86.ActiveCfg = Debug|Any CPU
		{34921561-891D-48D9-AB00-CA2190E8E6C6}.Debug|x86.Build.0 = Debug|Any CPU
		{34921561-891D-48D9-AB00-CA2190E8E6C6}.Release|Any CPU.ActiveCfg = Release|Any CPU
		{34921561-891D-48D9-AB00-CA2190E8E6C6}.Release|Any CPU.Build.0 = Release|Any CPU
		{34921561-891D-48D9-AB00-CA2190E8E6C6}.Release|x64.ActiveCfg = Release|Any CPU
		{34921561-891D-48D9-AB00-CA2190E8E6C6}.Release|x64.Build.0 = Release|Any CPU
		{34921561-891D-48D9-AB00-CA2190E8E6C6}.Release|x86.ActiveCfg = Release|Any CPU
		{34921561-891D-48D9-AB00-CA2190E8E6C6}.Release|x86.Build.0 = Release|Any CPU
		{BB9ED845-F235-4C54-AD71-41F5BF003684}.Debug|Any CPU.ActiveCfg = Debug|Any CPU
		{BB9ED845-F235-4C54-AD71-41F5BF003684}.Debug|Any CPU.Build.0 = Debug|Any CPU
		{BB9ED845-F235-4C54-AD71-41F5BF003684}.Debug|x64.ActiveCfg = Debug|Any CPU
		{BB9ED845-F235-4C54-AD71-41F5BF003684}.Debug|x64.Build.0 = Debug|Any CPU
		{BB9ED845-F235-4C54-AD71-41F5BF003684}.Debug|x86.ActiveCfg = Debug|Any CPU
		{BB9ED845-F235-4C54-AD71-41F5BF003684}.Debug|x86.Build.0 = Debug|Any CPU
		{BB9ED845-F235-4C54-AD71-41F5BF003684}.Release|Any CPU.ActiveCfg = Release|Any CPU
		{BB9ED845-F235-4C54-AD71-41F5BF003684}.Release|Any CPU.Build.0 = Release|Any CPU
		{BB9ED845-F235-4C54-AD71-41F5BF003684}.Release|x64.ActiveCfg = Release|Any CPU
		{BB9ED845-F235-4C54-AD71-41F5BF003684}.Release|x64.Build.0 = Release|Any CPU
		{BB9ED845-F235-4C54-AD71-41F5BF003684}.Release|x86.ActiveCfg = Release|Any CPU
		{BB9ED845-F235-4C54-AD71-41F5BF003684}.Release|x86.Build.0 = Release|Any CPU
		{3F14524B-38E1-49A9-8ECB-D3D4F799B9F2}.Debug|Any CPU.ActiveCfg = Debug|Any CPU
		{3F14524B-38E1-49A9-8ECB-D3D4F799B9F2}.Debug|Any CPU.Build.0 = Debug|Any CPU
		{3F14524B-38E1-49A9-8ECB-D3D4F799B9F2}.Debug|x64.ActiveCfg = Debug|Any CPU
		{3F14524B-38E1-49A9-8ECB-D3D4F799B9F2}.Debug|x64.Build.0 = Debug|Any CPU
		{3F14524B-38E1-49A9-8ECB-D3D4F799B9F2}.Debug|x86.ActiveCfg = Debug|Any CPU
		{3F14524B-38E1-49A9-8ECB-D3D4F799B9F2}.Debug|x86.Build.0 = Debug|Any CPU
		{3F14524B-38E1-49A9-8ECB-D3D4F799B9F2}.Release|Any CPU.ActiveCfg = Release|Any CPU
		{3F14524B-38E1-49A9-8ECB-D3D4F799B9F2}.Release|Any CPU.Build.0 = Release|Any CPU
		{3F14524B-38E1-49A9-8ECB-D3D4F799B9F2}.Release|x64.ActiveCfg = Release|Any CPU
		{3F14524B-38E1-49A9-8ECB-D3D4F799B9F2}.Release|x64.Build.0 = Release|Any CPU
		{3F14524B-38E1-49A9-8ECB-D3D4F799B9F2}.Release|x86.ActiveCfg = Release|Any CPU
		{3F14524B-38E1-49A9-8ECB-D3D4F799B9F2}.Release|x86.Build.0 = Release|Any CPU
		{B39CC903-4734-4C1A-9C47-1D506B7839E0}.Debug|Any CPU.ActiveCfg = Debug|Any CPU
		{B39CC903-4734-4C1A-9C47-1D506B7839E0}.Debug|Any CPU.Build.0 = Debug|Any CPU
		{B39CC903-4734-4C1A-9C47-1D506B7839E0}.Debug|x64.ActiveCfg = Debug|Any CPU
		{B39CC903-4734-4C1A-9C47-1D506B7839E0}.Debug|x64.Build.0 = Debug|Any CPU
		{B39CC903-4734-4C1A-9C47-1D506B7839E0}.Debug|x86.ActiveCfg = Debug|Any CPU
		{B39CC903-4734-4C1A-9C47-1D506B7839E0}.Debug|x86.Build.0 = Debug|Any CPU
		{B39CC903-4734-4C1A-9C47-1D506B7839E0}.Release|Any CPU.ActiveCfg = Release|Any CPU
		{B39CC903-4734-4C1A-9C47-1D506B7839E0}.Release|Any CPU.Build.0 = Release|Any CPU
		{B39CC903-4734-4C1A-9C47-1D506B7839E0}.Release|x64.ActiveCfg = Release|Any CPU
		{B39CC903-4734-4C1A-9C47-1D506B7839E0}.Release|x64.Build.0 = Release|Any CPU
		{B39CC903-4734-4C1A-9C47-1D506B7839E0}.Release|x86.ActiveCfg = Release|Any CPU
		{B39CC903-4734-4C1A-9C47-1D506B7839E0}.Release|x86.Build.0 = Release|Any CPU
		{0925CF97-93D9-48AF-8EEE-C8B6C88244CF}.Debug|Any CPU.ActiveCfg = Debug|x86
		{0925CF97-93D9-48AF-8EEE-C8B6C88244CF}.Debug|Any CPU.Build.0 = Debug|x86
		{0925CF97-93D9-48AF-8EEE-C8B6C88244CF}.Debug|x64.ActiveCfg = Debug|x86
		{0925CF97-93D9-48AF-8EEE-C8B6C88244CF}.Debug|x64.Build.0 = Debug|x86
		{0925CF97-93D9-48AF-8EEE-C8B6C88244CF}.Debug|x86.ActiveCfg = Debug|x86
		{0925CF97-93D9-48AF-8EEE-C8B6C88244CF}.Debug|x86.Build.0 = Debug|x86
		{0925CF97-93D9-48AF-8EEE-C8B6C88244CF}.Release|Any CPU.ActiveCfg = Release|x86
		{0925CF97-93D9-48AF-8EEE-C8B6C88244CF}.Release|Any CPU.Build.0 = Release|x86
		{0925CF97-93D9-48AF-8EEE-C8B6C88244CF}.Release|x64.ActiveCfg = Release|x86
		{0925CF97-93D9-48AF-8EEE-C8B6C88244CF}.Release|x64.Build.0 = Release|x86
		{0925CF97-93D9-48AF-8EEE-C8B6C88244CF}.Release|x86.ActiveCfg = Release|x86
		{0925CF97-93D9-48AF-8EEE-C8B6C88244CF}.Release|x86.Build.0 = Release|x86
		{CC3E3914-AFDE-4F2D-9E74-95BE2057F6B6}.Debug|Any CPU.ActiveCfg = Debug|x86
		{CC3E3914-AFDE-4F2D-9E74-95BE2057F6B6}.Debug|Any CPU.Build.0 = Debug|x86
		{CC3E3914-AFDE-4F2D-9E74-95BE2057F6B6}.Debug|x64.ActiveCfg = Debug|x86
		{CC3E3914-AFDE-4F2D-9E74-95BE2057F6B6}.Debug|x64.Build.0 = Debug|x86
		{CC3E3914-AFDE-4F2D-9E74-95BE2057F6B6}.Debug|x86.ActiveCfg = Debug|x86
		{CC3E3914-AFDE-4F2D-9E74-95BE2057F6B6}.Debug|x86.Build.0 = Debug|x86
		{CC3E3914-AFDE-4F2D-9E74-95BE2057F6B6}.Release|Any CPU.ActiveCfg = Release|x86
		{CC3E3914-AFDE-4F2D-9E74-95BE2057F6B6}.Release|Any CPU.Build.0 = Release|x86
		{CC3E3914-AFDE-4F2D-9E74-95BE2057F6B6}.Release|x64.ActiveCfg = Release|x86
		{CC3E3914-AFDE-4F2D-9E74-95BE2057F6B6}.Release|x64.Build.0 = Release|x86
		{CC3E3914-AFDE-4F2D-9E74-95BE2057F6B6}.Release|x86.ActiveCfg = Release|x86
		{CC3E3914-AFDE-4F2D-9E74-95BE2057F6B6}.Release|x86.Build.0 = Release|x86
		{2435BD15-8DF2-4892-B49D-166F407ABF80}.Debug|Any CPU.ActiveCfg = Debug|x86
		{2435BD15-8DF2-4892-B49D-166F407ABF80}.Debug|Any CPU.Build.0 = Debug|x86
		{2435BD15-8DF2-4892-B49D-166F407ABF80}.Debug|x64.ActiveCfg = Debug|x86
		{2435BD15-8DF2-4892-B49D-166F407ABF80}.Debug|x64.Build.0 = Debug|x86
		{2435BD15-8DF2-4892-B49D-166F407ABF80}.Debug|x86.ActiveCfg = Debug|x86
		{2435BD15-8DF2-4892-B49D-166F407ABF80}.Debug|x86.Build.0 = Debug|x86
		{2435BD15-8DF2-4892-B49D-166F407ABF80}.Release|Any CPU.ActiveCfg = Release|x86
		{2435BD15-8DF2-4892-B49D-166F407ABF80}.Release|Any CPU.Build.0 = Release|x86
		{2435BD15-8DF2-4892-B49D-166F407ABF80}.Release|x64.ActiveCfg = Release|x86
		{2435BD15-8DF2-4892-B49D-166F407ABF80}.Release|x64.Build.0 = Release|x86
		{2435BD15-8DF2-4892-B49D-166F407ABF80}.Release|x86.ActiveCfg = Release|x86
		{2435BD15-8DF2-4892-B49D-166F407ABF80}.Release|x86.Build.0 = Release|x86
		{25025ED2-8BE0-4327-8403-079D087B8AAD}.Debug|Any CPU.ActiveCfg = Debug|x86
		{25025ED2-8BE0-4327-8403-079D087B8AAD}.Debug|Any CPU.Build.0 = Debug|x86
		{25025ED2-8BE0-4327-8403-079D087B8AAD}.Debug|x64.ActiveCfg = Debug|x86
		{25025ED2-8BE0-4327-8403-079D087B8AAD}.Debug|x64.Build.0 = Debug|x86
		{25025ED2-8BE0-4327-8403-079D087B8AAD}.Debug|x86.ActiveCfg = Debug|x86
		{25025ED2-8BE0-4327-8403-079D087B8AAD}.Debug|x86.Build.0 = Debug|x86
		{25025ED2-8BE0-4327-8403-079D087B8AAD}.Release|Any CPU.ActiveCfg = Release|x86
		{25025ED2-8BE0-4327-8403-079D087B8AAD}.Release|Any CPU.Build.0 = Release|x86
		{25025ED2-8BE0-4327-8403-079D087B8AAD}.Release|x64.ActiveCfg = Release|x86
		{25025ED2-8BE0-4327-8403-079D087B8AAD}.Release|x64.Build.0 = Release|x86
		{25025ED2-8BE0-4327-8403-079D087B8AAD}.Release|x86.ActiveCfg = Release|x86
		{25025ED2-8BE0-4327-8403-079D087B8AAD}.Release|x86.Build.0 = Release|x86
		{718F5755-5EF2-4CA4-B251-C5E67F4F1A2D}.Debug|Any CPU.ActiveCfg = Debug|x64
		{718F5755-5EF2-4CA4-B251-C5E67F4F1A2D}.Debug|Any CPU.Build.0 = Debug|x64
		{718F5755-5EF2-4CA4-B251-C5E67F4F1A2D}.Debug|x64.ActiveCfg = Debug|x64
		{718F5755-5EF2-4CA4-B251-C5E67F4F1A2D}.Debug|x64.Build.0 = Debug|x64
		{718F5755-5EF2-4CA4-B251-C5E67F4F1A2D}.Debug|x86.ActiveCfg = Debug|Win32
		{718F5755-5EF2-4CA4-B251-C5E67F4F1A2D}.Debug|x86.Build.0 = Debug|Win32
		{718F5755-5EF2-4CA4-B251-C5E67F4F1A2D}.Release|Any CPU.ActiveCfg = Release|x64
		{718F5755-5EF2-4CA4-B251-C5E67F4F1A2D}.Release|Any CPU.Build.0 = Release|x64
		{718F5755-5EF2-4CA4-B251-C5E67F4F1A2D}.Release|x64.ActiveCfg = Release|x64
		{718F5755-5EF2-4CA4-B251-C5E67F4F1A2D}.Release|x64.Build.0 = Release|x64
		{718F5755-5EF2-4CA4-B251-C5E67F4F1A2D}.Release|x86.ActiveCfg = Release|Win32
		{718F5755-5EF2-4CA4-B251-C5E67F4F1A2D}.Release|x86.Build.0 = Release|Win32
		{D3699DAE-2D51-4A5C-92C8-97C5744144BF}.Debug|Any CPU.ActiveCfg = Debug|x64
		{D3699DAE-2D51-4A5C-92C8-97C5744144BF}.Debug|Any CPU.Build.0 = Debug|x64
		{D3699DAE-2D51-4A5C-92C8-97C5744144BF}.Debug|x64.ActiveCfg = Debug|x64
		{D3699DAE-2D51-4A5C-92C8-97C5744144BF}.Debug|x64.Build.0 = Debug|x64
		{D3699DAE-2D51-4A5C-92C8-97C5744144BF}.Debug|x86.ActiveCfg = Debug|Win32
		{D3699DAE-2D51-4A5C-92C8-97C5744144BF}.Debug|x86.Build.0 = Debug|Win32
		{D3699DAE-2D51-4A5C-92C8-97C5744144BF}.Release|Any CPU.ActiveCfg = Release|x64
		{D3699DAE-2D51-4A5C-92C8-97C5744144BF}.Release|Any CPU.Build.0 = Release|x64
		{D3699DAE-2D51-4A5C-92C8-97C5744144BF}.Release|x64.ActiveCfg = Release|x64
		{D3699DAE-2D51-4A5C-92C8-97C5744144BF}.Release|x64.Build.0 = Release|x64
		{D3699DAE-2D51-4A5C-92C8-97C5744144BF}.Release|x86.ActiveCfg = Release|Win32
		{D3699DAE-2D51-4A5C-92C8-97C5744144BF}.Release|x86.Build.0 = Release|Win32
		{C7A23873-194A-44E9-B3D9-11C4B35E6CD9}.Debug|Any CPU.ActiveCfg = Debug|x64
		{C7A23873-194A-44E9-B3D9-11C4B35E6CD9}.Debug|Any CPU.Build.0 = Debug|x64
		{C7A23873-194A-44E9-B3D9-11C4B35E6CD9}.Debug|x64.ActiveCfg = Debug|x64
		{C7A23873-194A-44E9-B3D9-11C4B35E6CD9}.Debug|x64.Build.0 = Debug|x64
		{C7A23873-194A-44E9-B3D9-11C4B35E6CD9}.Debug|x86.ActiveCfg = Debug|Win32
		{C7A23873-194A-44E9-B3D9-11C4B35E6CD9}.Debug|x86.Build.0 = Debug|Win32
		{C7A23873-194A-44E9-B3D9-11C4B35E6CD9}.Release|Any CPU.ActiveCfg = Release|x64
		{C7A23873-194A-44E9-B3D9-11C4B35E6CD9}.Release|Any CPU.Build.0 = Release|x64
		{C7A23873-194A-44E9-B3D9-11C4B35E6CD9}.Release|x64.ActiveCfg = Release|x64
		{C7A23873-194A-44E9-B3D9-11C4B35E6CD9}.Release|x64.Build.0 = Release|x64
		{C7A23873-194A-44E9-B3D9-11C4B35E6CD9}.Release|x86.ActiveCfg = Release|Win32
		{C7A23873-194A-44E9-B3D9-11C4B35E6CD9}.Release|x86.Build.0 = Release|Win32
		{ACCFE1A0-A71A-4DAF-8CCB-AB577CB2D3E4}.Debug|Any CPU.ActiveCfg = Debug|x64
		{ACCFE1A0-A71A-4DAF-8CCB-AB577CB2D3E4}.Debug|Any CPU.Build.0 = Debug|x64
		{ACCFE1A0-A71A-4DAF-8CCB-AB577CB2D3E4}.Debug|x64.ActiveCfg = Debug|x64
		{ACCFE1A0-A71A-4DAF-8CCB-AB577CB2D3E4}.Debug|x64.Build.0 = Debug|x64
		{ACCFE1A0-A71A-4DAF-8CCB-AB577CB2D3E4}.Debug|x86.ActiveCfg = Debug|Win32
		{ACCFE1A0-A71A-4DAF-8CCB-AB577CB2D3E4}.Debug|x86.Build.0 = Debug|Win32
		{ACCFE1A0-A71A-4DAF-8CCB-AB577CB2D3E4}.Release|Any CPU.ActiveCfg = Release|x64
		{ACCFE1A0-A71A-4DAF-8CCB-AB577CB2D3E4}.Release|Any CPU.Build.0 = Release|x64
		{ACCFE1A0-A71A-4DAF-8CCB-AB577CB2D3E4}.Release|x64.ActiveCfg = Release|x64
		{ACCFE1A0-A71A-4DAF-8CCB-AB577CB2D3E4}.Release|x64.Build.0 = Release|x64
		{ACCFE1A0-A71A-4DAF-8CCB-AB577CB2D3E4}.Release|x86.ActiveCfg = Release|Win32
		{ACCFE1A0-A71A-4DAF-8CCB-AB577CB2D3E4}.Release|x86.Build.0 = Release|Win32
		{2FA6ED92-582F-47FA-9C2B-7BBB59D6875F}.Debug|Any CPU.ActiveCfg = Debug|x64
		{2FA6ED92-582F-47FA-9C2B-7BBB59D6875F}.Debug|Any CPU.Build.0 = Debug|x64
		{2FA6ED92-582F-47FA-9C2B-7BBB59D6875F}.Debug|x64.ActiveCfg = Debug|x64
		{2FA6ED92-582F-47FA-9C2B-7BBB59D6875F}.Debug|x64.Build.0 = Debug|x64
		{2FA6ED92-582F-47FA-9C2B-7BBB59D6875F}.Debug|x86.ActiveCfg = Debug|x86
		{2FA6ED92-582F-47FA-9C2B-7BBB59D6875F}.Debug|x86.Build.0 = Debug|x86
		{2FA6ED92-582F-47FA-9C2B-7BBB59D6875F}.Release|Any CPU.ActiveCfg = Release|x64
		{2FA6ED92-582F-47FA-9C2B-7BBB59D6875F}.Release|Any CPU.Build.0 = Release|x64
		{2FA6ED92-582F-47FA-9C2B-7BBB59D6875F}.Release|x64.ActiveCfg = Release|x64
		{2FA6ED92-582F-47FA-9C2B-7BBB59D6875F}.Release|x64.Build.0 = Release|x64
		{2FA6ED92-582F-47FA-9C2B-7BBB59D6875F}.Release|x86.ActiveCfg = Release|x86
		{2FA6ED92-582F-47FA-9C2B-7BBB59D6875F}.Release|x86.Build.0 = Release|x86
		{517BACC0-C34D-4E0A-B99B-5A5176CD4CDD}.Debug|Any CPU.ActiveCfg = Debug|Any CPU
		{517BACC0-C34D-4E0A-B99B-5A5176CD4CDD}.Debug|Any CPU.Build.0 = Debug|Any CPU
		{517BACC0-C34D-4E0A-B99B-5A5176CD4CDD}.Debug|x64.ActiveCfg = Debug|Any CPU
		{517BACC0-C34D-4E0A-B99B-5A5176CD4CDD}.Debug|x64.Build.0 = Debug|Any CPU
		{517BACC0-C34D-4E0A-B99B-5A5176CD4CDD}.Debug|x86.ActiveCfg = Debug|x86
		{517BACC0-C34D-4E0A-B99B-5A5176CD4CDD}.Debug|x86.Build.0 = Debug|x86
		{517BACC0-C34D-4E0A-B99B-5A5176CD4CDD}.Release|Any CPU.ActiveCfg = Release|Any CPU
		{517BACC0-C34D-4E0A-B99B-5A5176CD4CDD}.Release|Any CPU.Build.0 = Release|Any CPU
		{517BACC0-C34D-4E0A-B99B-5A5176CD4CDD}.Release|x64.ActiveCfg = Release|Any CPU
		{517BACC0-C34D-4E0A-B99B-5A5176CD4CDD}.Release|x64.Build.0 = Release|Any CPU
		{517BACC0-C34D-4E0A-B99B-5A5176CD4CDD}.Release|x86.ActiveCfg = Release|x86
		{517BACC0-C34D-4E0A-B99B-5A5176CD4CDD}.Release|x86.Build.0 = Release|x86
		{09076F6E-5F4F-41FF-A4E5-EB20688039A5}.Debug|Any CPU.ActiveCfg = Debug|Any CPU
		{09076F6E-5F4F-41FF-A4E5-EB20688039A5}.Debug|Any CPU.Build.0 = Debug|Any CPU
		{09076F6E-5F4F-41FF-A4E5-EB20688039A5}.Debug|x64.ActiveCfg = Debug|Any CPU
		{09076F6E-5F4F-41FF-A4E5-EB20688039A5}.Debug|x64.Build.0 = Debug|Any CPU
		{09076F6E-5F4F-41FF-A4E5-EB20688039A5}.Debug|x86.ActiveCfg = Debug|Any CPU
		{09076F6E-5F4F-41FF-A4E5-EB20688039A5}.Debug|x86.Build.0 = Debug|Any CPU
		{09076F6E-5F4F-41FF-A4E5-EB20688039A5}.Release|Any CPU.ActiveCfg = Release|Any CPU
		{09076F6E-5F4F-41FF-A4E5-EB20688039A5}.Release|Any CPU.Build.0 = Release|Any CPU
		{09076F6E-5F4F-41FF-A4E5-EB20688039A5}.Release|x64.ActiveCfg = Release|Any CPU
		{09076F6E-5F4F-41FF-A4E5-EB20688039A5}.Release|x64.Build.0 = Release|Any CPU
		{09076F6E-5F4F-41FF-A4E5-EB20688039A5}.Release|x86.ActiveCfg = Release|Any CPU
		{09076F6E-5F4F-41FF-A4E5-EB20688039A5}.Release|x86.Build.0 = Release|Any CPU
		{55F4A851-9FC3-4E84-A50D-989214BA8028}.Debug|Any CPU.ActiveCfg = Debug|Any CPU
		{55F4A851-9FC3-4E84-A50D-989214BA8028}.Debug|Any CPU.Build.0 = Debug|Any CPU
		{55F4A851-9FC3-4E84-A50D-989214BA8028}.Debug|x64.ActiveCfg = Debug|x64
		{55F4A851-9FC3-4E84-A50D-989214BA8028}.Debug|x64.Build.0 = Debug|x64
		{55F4A851-9FC3-4E84-A50D-989214BA8028}.Debug|x86.ActiveCfg = Debug|Any CPU
		{55F4A851-9FC3-4E84-A50D-989214BA8028}.Debug|x86.Build.0 = Debug|Any CPU
		{55F4A851-9FC3-4E84-A50D-989214BA8028}.Release|Any CPU.ActiveCfg = Release|Any CPU
		{55F4A851-9FC3-4E84-A50D-989214BA8028}.Release|Any CPU.Build.0 = Release|Any CPU
		{55F4A851-9FC3-4E84-A50D-989214BA8028}.Release|x64.ActiveCfg = Release|x64
		{55F4A851-9FC3-4E84-A50D-989214BA8028}.Release|x64.Build.0 = Release|x64
		{55F4A851-9FC3-4E84-A50D-989214BA8028}.Release|x86.ActiveCfg = Release|Any CPU
		{55F4A851-9FC3-4E84-A50D-989214BA8028}.Release|x86.Build.0 = Release|Any CPU
		{C5CEBEB7-C2D3-446D-A2B7-E99B01FED6A0}.Debug|Any CPU.ActiveCfg = Debug|Any CPU
		{C5CEBEB7-C2D3-446D-A2B7-E99B01FED6A0}.Debug|Any CPU.Build.0 = Debug|Any CPU
		{C5CEBEB7-C2D3-446D-A2B7-E99B01FED6A0}.Debug|x64.ActiveCfg = Debug|x64
		{C5CEBEB7-C2D3-446D-A2B7-E99B01FED6A0}.Debug|x64.Build.0 = Debug|x64
		{C5CEBEB7-C2D3-446D-A2B7-E99B01FED6A0}.Debug|x86.ActiveCfg = Debug|x86
		{C5CEBEB7-C2D3-446D-A2B7-E99B01FED6A0}.Debug|x86.Build.0 = Debug|x86
		{C5CEBEB7-C2D3-446D-A2B7-E99B01FED6A0}.Release|Any CPU.ActiveCfg = Release|Any CPU
		{C5CEBEB7-C2D3-446D-A2B7-E99B01FED6A0}.Release|Any CPU.Build.0 = Release|Any CPU
		{C5CEBEB7-C2D3-446D-A2B7-E99B01FED6A0}.Release|x64.ActiveCfg = Release|x64
		{C5CEBEB7-C2D3-446D-A2B7-E99B01FED6A0}.Release|x64.Build.0 = Release|x64
		{C5CEBEB7-C2D3-446D-A2B7-E99B01FED6A0}.Release|x86.ActiveCfg = Release|x86
		{C5CEBEB7-C2D3-446D-A2B7-E99B01FED6A0}.Release|x86.Build.0 = Release|x86
		{A85166F5-C8E5-43A7-80D5-245F2EE86F04}.Debug|Any CPU.ActiveCfg = Debug|Any CPU
		{A85166F5-C8E5-43A7-80D5-245F2EE86F04}.Debug|Any CPU.Build.0 = Debug|Any CPU
		{A85166F5-C8E5-43A7-80D5-245F2EE86F04}.Debug|x64.ActiveCfg = Debug|x64
		{A85166F5-C8E5-43A7-80D5-245F2EE86F04}.Debug|x64.Build.0 = Debug|x64
		{A85166F5-C8E5-43A7-80D5-245F2EE86F04}.Debug|x86.ActiveCfg = Debug|x86
		{A85166F5-C8E5-43A7-80D5-245F2EE86F04}.Debug|x86.Build.0 = Debug|x86
		{A85166F5-C8E5-43A7-80D5-245F2EE86F04}.Release|Any CPU.ActiveCfg = Release|Any CPU
		{A85166F5-C8E5-43A7-80D5-245F2EE86F04}.Release|Any CPU.Build.0 = Release|Any CPU
		{A85166F5-C8E5-43A7-80D5-245F2EE86F04}.Release|x64.ActiveCfg = Release|x64
		{A85166F5-C8E5-43A7-80D5-245F2EE86F04}.Release|x64.Build.0 = Release|x64
		{A85166F5-C8E5-43A7-80D5-245F2EE86F04}.Release|x86.ActiveCfg = Release|x86
		{A85166F5-C8E5-43A7-80D5-245F2EE86F04}.Release|x86.Build.0 = Release|x86
		{EA3D99AF-DFF0-4725-BC23-51FC85DC4040}.Debug|Any CPU.ActiveCfg = Debug|Any CPU
		{EA3D99AF-DFF0-4725-BC23-51FC85DC4040}.Debug|Any CPU.Build.0 = Debug|Any CPU
		{EA3D99AF-DFF0-4725-BC23-51FC85DC4040}.Debug|x64.ActiveCfg = Debug|x64
		{EA3D99AF-DFF0-4725-BC23-51FC85DC4040}.Debug|x64.Build.0 = Debug|x64
		{EA3D99AF-DFF0-4725-BC23-51FC85DC4040}.Debug|x86.ActiveCfg = Debug|x86
		{EA3D99AF-DFF0-4725-BC23-51FC85DC4040}.Debug|x86.Build.0 = Debug|x86
		{EA3D99AF-DFF0-4725-BC23-51FC85DC4040}.Release|Any CPU.ActiveCfg = Release|Any CPU
		{EA3D99AF-DFF0-4725-BC23-51FC85DC4040}.Release|Any CPU.Build.0 = Release|Any CPU
		{EA3D99AF-DFF0-4725-BC23-51FC85DC4040}.Release|x64.ActiveCfg = Release|x64
		{EA3D99AF-DFF0-4725-BC23-51FC85DC4040}.Release|x64.Build.0 = Release|x64
		{EA3D99AF-DFF0-4725-BC23-51FC85DC4040}.Release|x86.ActiveCfg = Release|x86
		{EA3D99AF-DFF0-4725-BC23-51FC85DC4040}.Release|x86.Build.0 = Release|x86
		{4C80EF77-6C1F-4272-9BB9-418CFB8A4B90}.Debug|Any CPU.ActiveCfg = Debug|x86
		{4C80EF77-6C1F-4272-9BB9-418CFB8A4B90}.Debug|Any CPU.Build.0 = Debug|x86
		{4C80EF77-6C1F-4272-9BB9-418CFB8A4B90}.Debug|x64.ActiveCfg = Debug|x86
		{4C80EF77-6C1F-4272-9BB9-418CFB8A4B90}.Debug|x64.Build.0 = Debug|x86
		{4C80EF77-6C1F-4272-9BB9-418CFB8A4B90}.Debug|x86.ActiveCfg = Debug|x86
		{4C80EF77-6C1F-4272-9BB9-418CFB8A4B90}.Debug|x86.Build.0 = Debug|x86
		{4C80EF77-6C1F-4272-9BB9-418CFB8A4B90}.Release|Any CPU.ActiveCfg = Release|x86
		{4C80EF77-6C1F-4272-9BB9-418CFB8A4B90}.Release|Any CPU.Build.0 = Release|x86
		{4C80EF77-6C1F-4272-9BB9-418CFB8A4B90}.Release|x64.ActiveCfg = Release|x86
		{4C80EF77-6C1F-4272-9BB9-418CFB8A4B90}.Release|x64.Build.0 = Release|x86
		{4C80EF77-6C1F-4272-9BB9-418CFB8A4B90}.Release|x86.ActiveCfg = Release|x86
		{4C80EF77-6C1F-4272-9BB9-418CFB8A4B90}.Release|x86.Build.0 = Release|x86
		{280CDB7F-4146-45D0-8F84-605DD5B2C431}.Debug|Any CPU.ActiveCfg = Debug|Win32
		{280CDB7F-4146-45D0-8F84-605DD5B2C431}.Debug|Any CPU.Build.0 = Debug|Win32
		{280CDB7F-4146-45D0-8F84-605DD5B2C431}.Debug|x64.ActiveCfg = Debug|Win32
		{280CDB7F-4146-45D0-8F84-605DD5B2C431}.Debug|x64.Build.0 = Debug|Win32
		{280CDB7F-4146-45D0-8F84-605DD5B2C431}.Debug|x86.ActiveCfg = Debug|Win32
		{280CDB7F-4146-45D0-8F84-605DD5B2C431}.Debug|x86.Build.0 = Debug|Win32
		{280CDB7F-4146-45D0-8F84-605DD5B2C431}.Release|Any CPU.ActiveCfg = Release|Win32
		{280CDB7F-4146-45D0-8F84-605DD5B2C431}.Release|Any CPU.Build.0 = Release|Win32
		{280CDB7F-4146-45D0-8F84-605DD5B2C431}.Release|x64.ActiveCfg = Release|Win32
		{280CDB7F-4146-45D0-8F84-605DD5B2C431}.Release|x64.Build.0 = Release|Win32
		{280CDB7F-4146-45D0-8F84-605DD5B2C431}.Release|x86.ActiveCfg = Release|Win32
		{280CDB7F-4146-45D0-8F84-605DD5B2C431}.Release|x86.Build.0 = Release|Win32
		{C48E6D56-4A58-460F-B48D-B98A99C19834}.Debug|Any CPU.ActiveCfg = Debug|Any CPU
		{C48E6D56-4A58-460F-B48D-B98A99C19834}.Debug|Any CPU.Build.0 = Debug|Any CPU
		{C48E6D56-4A58-460F-B48D-B98A99C19834}.Debug|x64.ActiveCfg = Debug|x64
		{C48E6D56-4A58-460F-B48D-B98A99C19834}.Debug|x64.Build.0 = Debug|x64
		{C48E6D56-4A58-460F-B48D-B98A99C19834}.Debug|x86.ActiveCfg = Debug|Any CPU
		{C48E6D56-4A58-460F-B48D-B98A99C19834}.Debug|x86.Build.0 = Debug|Any CPU
		{C48E6D56-4A58-460F-B48D-B98A99C19834}.Release|Any CPU.ActiveCfg = Release|Any CPU
		{C48E6D56-4A58-460F-B48D-B98A99C19834}.Release|Any CPU.Build.0 = Release|Any CPU
		{C48E6D56-4A58-460F-B48D-B98A99C19834}.Release|x64.ActiveCfg = Release|x64
		{C48E6D56-4A58-460F-B48D-B98A99C19834}.Release|x64.Build.0 = Release|x64
		{C48E6D56-4A58-460F-B48D-B98A99C19834}.Release|x86.ActiveCfg = Release|Any CPU
		{C48E6D56-4A58-460F-B48D-B98A99C19834}.Release|x86.Build.0 = Release|Any CPU
		{660C6E97-4BBC-41A7-9076-7C1AC87E0794}.Debug|Any CPU.ActiveCfg = Debug|Any CPU
		{660C6E97-4BBC-41A7-9076-7C1AC87E0794}.Debug|Any CPU.Build.0 = Debug|Any CPU
		{660C6E97-4BBC-41A7-9076-7C1AC87E0794}.Debug|x64.ActiveCfg = Debug|x64
		{660C6E97-4BBC-41A7-9076-7C1AC87E0794}.Debug|x64.Build.0 = Debug|x64
		{660C6E97-4BBC-41A7-9076-7C1AC87E0794}.Debug|x86.ActiveCfg = Debug|x86
		{660C6E97-4BBC-41A7-9076-7C1AC87E0794}.Debug|x86.Build.0 = Debug|x86
		{660C6E97-4BBC-41A7-9076-7C1AC87E0794}.Release|Any CPU.ActiveCfg = Release|Any CPU
		{660C6E97-4BBC-41A7-9076-7C1AC87E0794}.Release|Any CPU.Build.0 = Release|Any CPU
		{660C6E97-4BBC-41A7-9076-7C1AC87E0794}.Release|x64.ActiveCfg = Release|x64
		{660C6E97-4BBC-41A7-9076-7C1AC87E0794}.Release|x64.Build.0 = Release|x64
		{660C6E97-4BBC-41A7-9076-7C1AC87E0794}.Release|x86.ActiveCfg = Release|x86
		{660C6E97-4BBC-41A7-9076-7C1AC87E0794}.Release|x86.Build.0 = Release|x86
	EndGlobalSection
	GlobalSection(SolutionProperties) = preSolution
		HideSolutionNode = FALSE
	EndGlobalSection
	GlobalSection(NestedProjects) = preSolution
		{46180C80-76B8-4B08-ACE5-D83ABF12148A} = {7D7F2292-173C-424D-BB94-6D4585E82EA9}
		{E1DD6465-9792-4A82-A53F-5E5315D11B70} = {7D7F2292-173C-424D-BB94-6D4585E82EA9}
		{58CF5467-4301-4128-B807-BD8BE2C2C22A} = {4AB6DACE-5915-40AC-9DB0-50C9E0BD2099}
		{26E62213-02C7-4E1E-8749-F01D4EBEBDEA} = {7D7F2292-173C-424D-BB94-6D4585E82EA9}
		{59E99C7E-EC69-4FA7-8671-464C80CBBE44} = {7D7F2292-173C-424D-BB94-6D4585E82EA9}
		{31D6C3DF-97F8-4773-BAA0-C36115DD2014} = {7D7F2292-173C-424D-BB94-6D4585E82EA9}
		{90CE6379-DA24-4DBF-B880-4C9120FDE060} = {7D7F2292-173C-424D-BB94-6D4585E82EA9}
		{FFE6160E-2926-49BA-AB44-7BB82B8029B0} = {7D7F2292-173C-424D-BB94-6D4585E82EA9}
		{8CA637D7-2641-4843-8A0C-08C97D01C58D} = {7D7F2292-173C-424D-BB94-6D4585E82EA9}
		{811F06BE-A643-48AD-A2C9-8C29FA51F823} = {7D7F2292-173C-424D-BB94-6D4585E82EA9}
		{E3929B38-D51F-4933-AB00-AFA3244AA967} = {7D7F2292-173C-424D-BB94-6D4585E82EA9}
		{34EB38F2-DEDF-4766-BE4F-BA57714E8F9B} = {7D7F2292-173C-424D-BB94-6D4585E82EA9}
		{6F1035CD-77A0-4D7E-8120-52D6F7A56A3D} = {7D7F2292-173C-424D-BB94-6D4585E82EA9}
		{D4D96A1E-9FEB-4F64-9723-BE4EE9A6069D} = {7D7F2292-173C-424D-BB94-6D4585E82EA9}
		{D474E5B1-5AA2-4C6A-BD90-E11B64664145} = {7D7F2292-173C-424D-BB94-6D4585E82EA9}
		{A71C451B-2B85-42D1-89C5-B46138E8A644} = {7D7F2292-173C-424D-BB94-6D4585E82EA9}
		{BE85A279-91B9-4C0C-AD37-E8A9AB5428A7} = {7D7F2292-173C-424D-BB94-6D4585E82EA9}
		{2720DBBA-B843-4961-B6A4-DB92A478BAAC} = {7D7F2292-173C-424D-BB94-6D4585E82EA9}
		{68835E15-9C61-4A9A-9661-AD9961AE4410} = {7D7F2292-173C-424D-BB94-6D4585E82EA9}
		{435903F1-2370-4094-819C-AA769950519F} = {4AB6DACE-5915-40AC-9DB0-50C9E0BD2099}
		{34921561-891D-48D9-AB00-CA2190E8E6C6} = {4AB6DACE-5915-40AC-9DB0-50C9E0BD2099}
		{BB9ED845-F235-4C54-AD71-41F5BF003684} = {4AB6DACE-5915-40AC-9DB0-50C9E0BD2099}
		{3F14524B-38E1-49A9-8ECB-D3D4F799B9F2} = {4AB6DACE-5915-40AC-9DB0-50C9E0BD2099}
		{B39CC903-4734-4C1A-9C47-1D506B7839E0} = {4AB6DACE-5915-40AC-9DB0-50C9E0BD2099}
		{0925CF97-93D9-48AF-8EEE-C8B6C88244CF} = {4AB6DACE-5915-40AC-9DB0-50C9E0BD2099}
		{CC3E3914-AFDE-4F2D-9E74-95BE2057F6B6} = {8DF88857-7B94-4667-8600-B944CFFE96B9}
		{2435BD15-8DF2-4892-B49D-166F407ABF80} = {8DF88857-7B94-4667-8600-B944CFFE96B9}
		{25025ED2-8BE0-4327-8403-079D087B8AAD} = {8DF88857-7B94-4667-8600-B944CFFE96B9}
		{718F5755-5EF2-4CA4-B251-C5E67F4F1A2D} = {5FDEF7AC-8BA5-41CA-8116-B1A2DD2641AC}
		{D3699DAE-2D51-4A5C-92C8-97C5744144BF} = {5FDEF7AC-8BA5-41CA-8116-B1A2DD2641AC}
		{C7A23873-194A-44E9-B3D9-11C4B35E6CD9} = {5FDEF7AC-8BA5-41CA-8116-B1A2DD2641AC}
		{ACCFE1A0-A71A-4DAF-8CCB-AB577CB2D3E4} = {5FDEF7AC-8BA5-41CA-8116-B1A2DD2641AC}
		{2FA6ED92-582F-47FA-9C2B-7BBB59D6875F} = {5FDEF7AC-8BA5-41CA-8116-B1A2DD2641AC}
		{517BACC0-C34D-4E0A-B99B-5A5176CD4CDD} = {7D7F2292-173C-424D-BB94-6D4585E82EA9}
		{09076F6E-5F4F-41FF-A4E5-EB20688039A5} = {7D7F2292-173C-424D-BB94-6D4585E82EA9}
		{55F4A851-9FC3-4E84-A50D-989214BA8028} = {4746C222-D0B1-4B22-89E9-D8876FB81AB0}
		{C5CEBEB7-C2D3-446D-A2B7-E99B01FED6A0} = {4746C222-D0B1-4B22-89E9-D8876FB81AB0}
		{A85166F5-C8E5-43A7-80D5-245F2EE86F04} = {4746C222-D0B1-4B22-89E9-D8876FB81AB0}
		{EA3D99AF-DFF0-4725-BC23-51FC85DC4040} = {4746C222-D0B1-4B22-89E9-D8876FB81AB0}
		{4C80EF77-6C1F-4272-9BB9-418CFB8A4B90} = {4746C222-D0B1-4B22-89E9-D8876FB81AB0}
		{280CDB7F-4146-45D0-8F84-605DD5B2C431} = {4746C222-D0B1-4B22-89E9-D8876FB81AB0}
		{C48E6D56-4A58-460F-B48D-B98A99C19834} = {4746C222-D0B1-4B22-89E9-D8876FB81AB0}
		{660C6E97-4BBC-41A7-9076-7C1AC87E0794} = {4746C222-D0B1-4B22-89E9-D8876FB81AB0}
	EndGlobalSection
	GlobalSection(ExtensibilityGlobals) = postSolution
		EnterpriseLibraryConfigurationToolBinariesPath = packages\Unity.2.1.505.0\lib\NET35
		SolutionGuid = {849998CB-3B28-4D4C-B2D9-FFE830399899}
	EndGlobalSection
EndGlobal
