<?xml version="1.0" encoding="utf-8"?>
<Project ToolsVersion="4.0" xmlns="http://schemas.microsoft.com/developer/msbuild/2003">
  <ItemGroup>
    <Filter Include="Source Files">
      <UniqueIdentifier>{022bd65d-eff9-42a4-bd2e-53b787a67ea8}</UniqueIdentifier>
      <Extensions>cpp;c;cxx;def;odl;idl;hpj;bat;asm</Extensions>
      <SourceControlFiles>False</SourceControlFiles>
    </Filter>
    <Filter Include="Header Files">
      <UniqueIdentifier>{36084639-b636-473f-a673-40b6744eb500}</UniqueIdentifier>
      <Extensions>h;hpp;hxx;hm;inl;inc</Extensions>
      <SourceControlFiles>False</SourceControlFiles>
    </Filter>
    <Filter Include="Resource Files">
      <UniqueIdentifier>{48714758-e168-44a2-baba-6374092086b3}</UniqueIdentifier>
      <Extensions>rc;ico;cur;bmp;dlg;rc2;rct;bin;rgs;gif;jpg;jpeg;jpe</Extensions>
    </Filter>
  </ItemGroup>
  <ItemGroup>
    <ClCompile Include="..\dbi\icc_basic\dig\icc_iccG.C">
      <Filter>Source Files</Filter>
    </ClCompile>
    <ClCompile Include="..\dbi\icc_basic\dig\icc_TB.C">
      <Filter>Source Files</Filter>
    </ClCompile>
    <ClCompile Include="..\dbi\icc_basic\dig\icc_TBEx.C">
      <Filter>Source Files</Filter>
    </ClCompile>
    <ClCompile Include="..\dbi\icc_basic\dig\iccTables.C">
      <Filter>Source Files</Filter>
    </ClCompile>
  </ItemGroup>
  <ItemGroup>
    <ClInclude Include="..\include\dig_h\iccTables.h">
      <Filter>Header Files</Filter>
    </ClInclude>
    <ClInclude Include="..\include\dig_h\TBExKeytab9.h">
      <Filter>Header Files</Filter>
    </ClInclude>
    <ClInclude Include="..\include\dig_h\TBIccApp.h">
      <Filter>Header Files</Filter>
    </ClInclude>
    <ClInclude Include="..\include\dig_h\TBIccAppl.h">
      <Filter>Header Files</Filter>
    </ClInclude>
    <ClInclude Include="..\include\dig_h\TBProgram.h">
      <Filter>Header Files</Filter>
    </ClInclude>
  </ItemGroup>
</Project>